
Microsoft Visual Studio Solution File, Format Version 12.00
# Visual Studio Version 17
VisualStudioVersion = 17.6.33815.320
MinimumVisualStudioVersion = 10.0.40219.1
Project("{2150E333-8FDC-42A3-9474-1A3956D46DE8}") = "N5", "N5", "{A128694B-FD9E-4321-AE86-AFB878B4CB23}"
EndProject
Project("{9A19103F-16F7-4668-BE54-9A1E7A4F7556}") = "N5", "N5\N5.csproj", "{19DA738A-3D95-449E-A1C1-11CF798E5FDA}"
EndProject
Project("{2150E333-8FDC-42A3-9474-1A3956D46DE8}") = "Tasks", "Tasks", "{5D7D843E-2FEA-4F80-8F62-79AE248EDAC6}"
EndProject
Project("{2150E333-8FDC-42A3-9474-1A3956D46DE8}") = "HomeTasks", "HomeTasks", "{F35DB0DA-CDC2-4527-871C-F7CF633F86A1}"
EndProject
Project("{9A19103F-16F7-4668-BE54-9A1E7A4F7556}") = "Issue1", "Issue1\Issue1.csproj", "{64725D08-4CA4-423A-A25E-ED601735FC82}"
EndProject
Project("{9A19103F-16F7-4668-BE54-9A1E7A4F7556}") = "issue2", "issue2\issue2.csproj", "{0347D658-3B97-4D73-9117-9D85DA34E1B4}"
EndProject
Project("{2150E333-8FDC-42A3-9474-1A3956D46DE8}") = "N6", "N6", "{A3A2BF79-C928-4818-BE16-9F320D3ADDB7}"
EndProject
Project("{9A19103F-16F7-4668-BE54-9A1E7A4F7556}") = "N6", "N6\N6.csproj", "{BDFC18F5-305A-4ACE-AAD1-6CFC51F1BA4B}"
EndProject
Project("{2150E333-8FDC-42A3-9474-1A3956D46DE8}") = "Tasks", "Tasks", "{E2274A9E-2B1E-4BC7-8B98-E4AE0E3351CF}"
EndProject
Project("{2150E333-8FDC-42A3-9474-1A3956D46DE8}") = "HomeTasks", "HomeTasks", "{2408BEA0-AAFE-4022-9949-5AB270FA8BA0}"
EndProject
Project("{9A19103F-16F7-4668-BE54-9A1E7A4F7556}") = "N6_issue1", "N6_issue1\N6_issue1.csproj", "{43C343D0-8E46-441C-8286-E88C916802A5}"
EndProject
Project("{2150E333-8FDC-42A3-9474-1A3956D46DE8}") = "N4", "N4", "{67211096-7DC2-4AF2-B688-892F2CF26290}"
EndProject
Project("{9A19103F-16F7-4668-BE54-9A1E7A4F7556}") = "Task3issue1", "Task3issue1\Task3issue1.csproj", "{9CCDA82C-B96D-4DD5-A668-B5F4F1CE1EE6}"
EndProject
Project("{9A19103F-16F7-4668-BE54-9A1E7A4F7556}") = "Task3issue2", "Task3issue2\Task3issue2.csproj", "{DE04F8F9-E793-4F4A-BC40-10098233C67B}"
EndProject
Project("{2150E333-8FDC-42A3-9474-1A3956D46DE8}") = "N2", "N2", "{47AD7E4D-2830-45D0-ADFA-D22E76878257}"
EndProject
Project("{9A19103F-16F7-4668-BE54-9A1E7A4F7556}") = "N2Issue1", "N2Issue1\N2Issue1.csproj", "{EF63F3B8-6ED4-454D-B46B-228E6DE2E690}"
EndProject
Project("{9A19103F-16F7-4668-BE54-9A1E7A4F7556}") = "N2issue2", "N2issue2\N2issue2.csproj", "{2E7098C3-6E69-4F15-8C93-7973820E92B9}"
EndProject
Project("{9A19103F-16F7-4668-BE54-9A1E7A4F7556}") = "N2Issue3", "N2Issue3\N2Issue3.csproj", "{2C80576C-E433-4614-95AD-6B7214AE406E}"
EndProject
Project("{2150E333-8FDC-42A3-9474-1A3956D46DE8}") = "N3", "N3", "{ABA10E22-D024-46D4-99C1-21645998A684}"
EndProject
Project("{2150E333-8FDC-42A3-9474-1A3956D46DE8}") = "HomeTasks", "HomeTasks", "{06ADFFB6-B601-43F6-96E2-180A7B1FA047}"
EndProject
Project("{2150E333-8FDC-42A3-9474-1A3956D46DE8}") = "HomeTasks", "HomeTasks", "{4B35C9E3-FADA-41CD-B1CA-3D57BC28B34E}"
EndProject
Project("{9A19103F-16F7-4668-BE54-9A1E7A4F7556}") = "N3issue1", "N3issue1\N3issue1.csproj", "{FE5DC35D-847E-4E94-B4FB-9B3D78A66C76}"
EndProject
Project("{9A19103F-16F7-4668-BE54-9A1E7A4F7556}") = "N3issue2", "N3issue2\N3issue2.csproj", "{4A43EA00-DB61-4A31-AB27-5CEB02BF0BC2}"
EndProject
Project("{2150E333-8FDC-42A3-9474-1A3956D46DE8}") = "HomeTasks", "HomeTasks", "{0071AE7F-EB75-4668-9EA5-6B0652989E5E}"
EndProject
Project("{FAE04EC0-301F-11D3-BF4B-00C04F79EFBC}") = "N6Issue1", "N6Issue1\N6Issue1.csproj", "{63DF2AD8-0EEE-419F-8799-CFE728026622}"
EndProject
Project("{FAE04EC0-301F-11D3-BF4B-00C04F79EFBC}") = "N6issue2", "N6issue2\N6issue2.csproj", "{C076761E-5062-4FEA-8D61-B586757BCA90}"
EndProject
Global
	GlobalSection(SolutionConfigurationPlatforms) = preSolution
		Debug|Any CPU = Debug|Any CPU
		Release|Any CPU = Release|Any CPU
	EndGlobalSection
	GlobalSection(ProjectConfigurationPlatforms) = postSolution
		{19DA738A-3D95-449E-A1C1-11CF798E5FDA}.Debug|Any CPU.ActiveCfg = Debug|Any CPU
		{19DA738A-3D95-449E-A1C1-11CF798E5FDA}.Debug|Any CPU.Build.0 = Debug|Any CPU
		{19DA738A-3D95-449E-A1C1-11CF798E5FDA}.Release|Any CPU.ActiveCfg = Release|Any CPU
		{19DA738A-3D95-449E-A1C1-11CF798E5FDA}.Release|Any CPU.Build.0 = Release|Any CPU
		{64725D08-4CA4-423A-A25E-ED601735FC82}.Debug|Any CPU.ActiveCfg = Debug|Any CPU
		{64725D08-4CA4-423A-A25E-ED601735FC82}.Debug|Any CPU.Build.0 = Debug|Any CPU
		{64725D08-4CA4-423A-A25E-ED601735FC82}.Release|Any CPU.ActiveCfg = Release|Any CPU
		{64725D08-4CA4-423A-A25E-ED601735FC82}.Release|Any CPU.Build.0 = Release|Any CPU
		{0347D658-3B97-4D73-9117-9D85DA34E1B4}.Debug|Any CPU.ActiveCfg = Debug|Any CPU
		{0347D658-3B97-4D73-9117-9D85DA34E1B4}.Debug|Any CPU.Build.0 = Debug|Any CPU
		{0347D658-3B97-4D73-9117-9D85DA34E1B4}.Release|Any CPU.ActiveCfg = Release|Any CPU
		{0347D658-3B97-4D73-9117-9D85DA34E1B4}.Release|Any CPU.Build.0 = Release|Any CPU
		{BDFC18F5-305A-4ACE-AAD1-6CFC51F1BA4B}.Debug|Any CPU.ActiveCfg = Debug|Any CPU
		{BDFC18F5-305A-4ACE-AAD1-6CFC51F1BA4B}.Debug|Any CPU.Build.0 = Debug|Any CPU
		{BDFC18F5-305A-4ACE-AAD1-6CFC51F1BA4B}.Release|Any CPU.ActiveCfg = Release|Any CPU
		{BDFC18F5-305A-4ACE-AAD1-6CFC51F1BA4B}.Release|Any CPU.Build.0 = Release|Any CPU
		{43C343D0-8E46-441C-8286-E88C916802A5}.Debug|Any CPU.ActiveCfg = Debug|Any CPU
		{43C343D0-8E46-441C-8286-E88C916802A5}.Debug|Any CPU.Build.0 = Debug|Any CPU
		{43C343D0-8E46-441C-8286-E88C916802A5}.Release|Any CPU.ActiveCfg = Release|Any CPU
		{43C343D0-8E46-441C-8286-E88C916802A5}.Release|Any CPU.Build.0 = Release|Any CPU
		{9CCDA82C-B96D-4DD5-A668-B5F4F1CE1EE6}.Debug|Any CPU.ActiveCfg = Debug|Any CPU
		{9CCDA82C-B96D-4DD5-A668-B5F4F1CE1EE6}.Debug|Any CPU.Build.0 = Debug|Any CPU
		{9CCDA82C-B96D-4DD5-A668-B5F4F1CE1EE6}.Release|Any CPU.ActiveCfg = Release|Any CPU
		{9CCDA82C-B96D-4DD5-A668-B5F4F1CE1EE6}.Release|Any CPU.Build.0 = Release|Any CPU
		{DE04F8F9-E793-4F4A-BC40-10098233C67B}.Debug|Any CPU.ActiveCfg = Debug|Any CPU
		{DE04F8F9-E793-4F4A-BC40-10098233C67B}.Debug|Any CPU.Build.0 = Debug|Any CPU
		{DE04F8F9-E793-4F4A-BC40-10098233C67B}.Release|Any CPU.ActiveCfg = Release|Any CPU
		{DE04F8F9-E793-4F4A-BC40-10098233C67B}.Release|Any CPU.Build.0 = Release|Any CPU
		{EF63F3B8-6ED4-454D-B46B-228E6DE2E690}.Debug|Any CPU.ActiveCfg = Debug|Any CPU
		{EF63F3B8-6ED4-454D-B46B-228E6DE2E690}.Debug|Any CPU.Build.0 = Debug|Any CPU
		{EF63F3B8-6ED4-454D-B46B-228E6DE2E690}.Release|Any CPU.ActiveCfg = Release|Any CPU
		{EF63F3B8-6ED4-454D-B46B-228E6DE2E690}.Release|Any CPU.Build.0 = Release|Any CPU
		{2E7098C3-6E69-4F15-8C93-7973820E92B9}.Debug|Any CPU.ActiveCfg = Debug|Any CPU
		{2E7098C3-6E69-4F15-8C93-7973820E92B9}.Debug|Any CPU.Build.0 = Debug|Any CPU
		{2E7098C3-6E69-4F15-8C93-7973820E92B9}.Release|Any CPU.ActiveCfg = Release|Any CPU
		{2E7098C3-6E69-4F15-8C93-7973820E92B9}.Release|Any CPU.Build.0 = Release|Any CPU
		{2C80576C-E433-4614-95AD-6B7214AE406E}.Debug|Any CPU.ActiveCfg = Debug|Any CPU
		{2C80576C-E433-4614-95AD-6B7214AE406E}.Debug|Any CPU.Build.0 = Debug|Any CPU
		{2C80576C-E433-4614-95AD-6B7214AE406E}.Release|Any CPU.ActiveCfg = Release|Any CPU
		{2C80576C-E433-4614-95AD-6B7214AE406E}.Release|Any CPU.Build.0 = Release|Any CPU
		{FE5DC35D-847E-4E94-B4FB-9B3D78A66C76}.Debug|Any CPU.ActiveCfg = Debug|Any CPU
		{FE5DC35D-847E-4E94-B4FB-9B3D78A66C76}.Debug|Any CPU.Build.0 = Debug|Any CPU
		{FE5DC35D-847E-4E94-B4FB-9B3D78A66C76}.Release|Any CPU.ActiveCfg = Release|Any CPU
		{FE5DC35D-847E-4E94-B4FB-9B3D78A66C76}.Release|Any CPU.Build.0 = Release|Any CPU
		{4A43EA00-DB61-4A31-AB27-5CEB02BF0BC2}.Debug|Any CPU.ActiveCfg = Debug|Any CPU
		{4A43EA00-DB61-4A31-AB27-5CEB02BF0BC2}.Debug|Any CPU.Build.0 = Debug|Any CPU
		{4A43EA00-DB61-4A31-AB27-5CEB02BF0BC2}.Release|Any CPU.ActiveCfg = Release|Any CPU
		{4A43EA00-DB61-4A31-AB27-5CEB02BF0BC2}.Release|Any CPU.Build.0 = Release|Any CPU
		{63DF2AD8-0EEE-419F-8799-CFE728026622}.Debug|Any CPU.ActiveCfg = Debug|Any CPU
		{63DF2AD8-0EEE-419F-8799-CFE728026622}.Debug|Any CPU.Build.0 = Debug|Any CPU
		{63DF2AD8-0EEE-419F-8799-CFE728026622}.Release|Any CPU.ActiveCfg = Release|Any CPU
		{63DF2AD8-0EEE-419F-8799-CFE728026622}.Release|Any CPU.Build.0 = Release|Any CPU
		{C076761E-5062-4FEA-8D61-B586757BCA90}.Debug|Any CPU.ActiveCfg = Debug|Any CPU
		{C076761E-5062-4FEA-8D61-B586757BCA90}.Debug|Any CPU.Build.0 = Debug|Any CPU
		{C076761E-5062-4FEA-8D61-B586757BCA90}.Release|Any CPU.ActiveCfg = Release|Any CPU
		{C076761E-5062-4FEA-8D61-B586757BCA90}.Release|Any CPU.Build.0 = Release|Any CPU
	EndGlobalSection
	GlobalSection(SolutionProperties) = preSolution
		HideSolutionNode = FALSE
	EndGlobalSection
	GlobalSection(NestedProjects) = preSolution
		{19DA738A-3D95-449E-A1C1-11CF798E5FDA} = {A128694B-FD9E-4321-AE86-AFB878B4CB23}
		{5D7D843E-2FEA-4F80-8F62-79AE248EDAC6} = {A128694B-FD9E-4321-AE86-AFB878B4CB23}
		{F35DB0DA-CDC2-4527-871C-F7CF633F86A1} = {A128694B-FD9E-4321-AE86-AFB878B4CB23}
		{64725D08-4CA4-423A-A25E-ED601735FC82} = {F35DB0DA-CDC2-4527-871C-F7CF633F86A1}
		{0347D658-3B97-4D73-9117-9D85DA34E1B4} = {F35DB0DA-CDC2-4527-871C-F7CF633F86A1}
		{BDFC18F5-305A-4ACE-AAD1-6CFC51F1BA4B} = {A3A2BF79-C928-4818-BE16-9F320D3ADDB7}
		{E2274A9E-2B1E-4BC7-8B98-E4AE0E3351CF} = {A3A2BF79-C928-4818-BE16-9F320D3ADDB7}
		{2408BEA0-AAFE-4022-9949-5AB270FA8BA0} = {A3A2BF79-C928-4818-BE16-9F320D3ADDB7}
		{43C343D0-8E46-441C-8286-E88C916802A5} = {E2274A9E-2B1E-4BC7-8B98-E4AE0E3351CF}
		{9CCDA82C-B96D-4DD5-A668-B5F4F1CE1EE6} = {0071AE7F-EB75-4668-9EA5-6B0652989E5E}
		{DE04F8F9-E793-4F4A-BC40-10098233C67B} = {0071AE7F-EB75-4668-9EA5-6B0652989E5E}
		{EF63F3B8-6ED4-454D-B46B-228E6DE2E690} = {06ADFFB6-B601-43F6-96E2-180A7B1FA047}
		{2E7098C3-6E69-4F15-8C93-7973820E92B9} = {06ADFFB6-B601-43F6-96E2-180A7B1FA047}
		{2C80576C-E433-4614-95AD-6B7214AE406E} = {06ADFFB6-B601-43F6-96E2-180A7B1FA047}
		{06ADFFB6-B601-43F6-96E2-180A7B1FA047} = {47AD7E4D-2830-45D0-ADFA-D22E76878257}
		{4B35C9E3-FADA-41CD-B1CA-3D57BC28B34E} = {ABA10E22-D024-46D4-99C1-21645998A684}
		{FE5DC35D-847E-4E94-B4FB-9B3D78A66C76} = {4B35C9E3-FADA-41CD-B1CA-3D57BC28B34E}
		{4A43EA00-DB61-4A31-AB27-5CEB02BF0BC2} = {4B35C9E3-FADA-41CD-B1CA-3D57BC28B34E}
		{0071AE7F-EB75-4668-9EA5-6B0652989E5E} = {67211096-7DC2-4AF2-B688-892F2CF26290}
		{63DF2AD8-0EEE-419F-8799-CFE728026622} = {2408BEA0-AAFE-4022-9949-5AB270FA8BA0}
		{C076761E-5062-4FEA-8D61-B586757BCA90} = {2408BEA0-AAFE-4022-9949-5AB270FA8BA0}
	EndGlobalSection
	GlobalSection(ExtensibilityGlobals) = postSolution
		SolutionGuid = {A3E3239F-4849-4303-BFAC-370AA6D49316}
	EndGlobalSection
EndGlobal
