
Microsoft Visual Studio Solution File, Format Version 12.00
# Visual Studio Version 17
VisualStudioVersion = 17.6.33815.320
MinimumVisualStudioVersion = 10.0.40219.1
Project("{2150E333-8FDC-42A3-9474-1A3956D46DE8}") = "N5", "N5", "{A128694B-FD9E-4321-AE86-AFB878B4CB23}"
EndProject
Project("{9A19103F-16F7-4668-BE54-9A1E7A4F7556}") = "N5", "N5\N5.csproj", "{19DA738A-3D95-449E-A1C1-11CF798E5FDA}"
EndProject
Project("{2150E333-8FDC-42A3-9474-1A3956D46DE8}") = "Tasks", "Tasks", "{5D7D843E-2FEA-4F80-8F62-79AE248EDAC6}"
EndProject
Project("{2150E333-8FDC-42A3-9474-1A3956D46DE8}") = "HomeTasks", "HomeTasks", "{F35DB0DA-CDC2-4527-871C-F7CF633F86A1}"
EndProject
Project("{9A19103F-16F7-4668-BE54-9A1E7A4F7556}") = "Issue1", "Issue1\Issue1.csproj", "{64725D08-4CA4-423A-A25E-ED601735FC82}"
EndProject
Project("{9A19103F-16F7-4668-BE54-9A1E7A4F7556}") = "issue2", "issue2\issue2.csproj", "{0347D658-3B97-4D73-9117-9D85DA34E1B4}"
EndProject
Project("{2150E333-8FDC-42A3-9474-1A3956D46DE8}") = "N6", "N6", "{A3A2BF79-C928-4818-BE16-9F320D3ADDB7}"
EndProject
Project("{9A19103F-16F7-4668-BE54-9A1E7A4F7556}") = "N6", "N6\N6.csproj", "{BDFC18F5-305A-4ACE-AAD1-6CFC51F1BA4B}"
EndProject
Project("{2150E333-8FDC-42A3-9474-1A3956D46DE8}") = "Tasks", "Tasks", "{E2274A9E-2B1E-4BC7-8B98-E4AE0E3351CF}"
EndProject
Project("{2150E333-8FDC-42A3-9474-1A3956D46DE8}") = "HomeTasks", "HomeTasks", "{2408BEA0-AAFE-4022-9949-5AB270FA8BA0}"
EndProject
Project("{9A19103F-16F7-4668-BE54-9A1E7A4F7556}") = "N6_issue1", "N6_issue1\N6_issue1.csproj", "{43C343D0-8E46-441C-8286-E88C916802A5}"
EndProject
Project("{2150E333-8FDC-42A3-9474-1A3956D46DE8}") = "N4", "N4", "{67211096-7DC2-4AF2-B688-892F2CF26290}"
EndProject
Project("{9A19103F-16F7-4668-BE54-9A1E7A4F7556}") = "Task3issue1", "Task3issue1\Task3issue1.csproj", "{9CCDA82C-B96D-4DD5-A668-B5F4F1CE1EE6}"
EndProject
Project("{9A19103F-16F7-4668-BE54-9A1E7A4F7556}") = "Task3issue2", "Task3issue2\Task3issue2.csproj", "{DE04F8F9-E793-4F4A-BC40-10098233C67B}"
EndProject
Project("{2150E333-8FDC-42A3-9474-1A3956D46DE8}") = "N2", "N2", "{47AD7E4D-2830-45D0-ADFA-D22E76878257}"
EndProject
Project("{9A19103F-16F7-4668-BE54-9A1E7A4F7556}") = "N2Issue1", "N2Issue1\N2Issue1.csproj", "{EF63F3B8-6ED4-454D-B46B-228E6DE2E690}"
EndProject
Project("{9A19103F-16F7-4668-BE54-9A1E7A4F7556}") = "N2issue2", "N2issue2\N2issue2.csproj", "{2E7098C3-6E69-4F15-8C93-7973820E92B9}"
EndProject
Project("{9A19103F-16F7-4668-BE54-9A1E7A4F7556}") = "N2Issue3", "N2Issue3\N2Issue3.csproj", "{2C80576C-E433-4614-95AD-6B7214AE406E}"
EndProject
Project("{2150E333-8FDC-42A3-9474-1A3956D46DE8}") = "N3", "N3", "{ABA10E22-D024-46D4-99C1-21645998A684}"
EndProject
Project("{2150E333-8FDC-42A3-9474-1A3956D46DE8}") = "HomeTasks", "HomeTasks", "{06ADFFB6-B601-43F6-96E2-180A7B1FA047}"
EndProject
Project("{2150E333-8FDC-42A3-9474-1A3956D46DE8}") = "HomeTasks", "HomeTasks", "{4B35C9E3-FADA-41CD-B1CA-3D57BC28B34E}"
EndProject
Project("{9A19103F-16F7-4668-BE54-9A1E7A4F7556}") = "N3issue1", "N3issue1\N3issue1.csproj", "{FE5DC35D-847E-4E94-B4FB-9B3D78A66C76}"
EndProject
Project("{9A19103F-16F7-4668-BE54-9A1E7A4F7556}") = "N3issue2", "N3issue2\N3issue2.csproj", "{4A43EA00-DB61-4A31-AB27-5CEB02BF0BC2}"
EndProject
Project("{2150E333-8FDC-42A3-9474-1A3956D46DE8}") = "HomeTasks", "HomeTasks", "{0071AE7F-EB75-4668-9EA5-6B0652989E5E}"
EndProject
Project("{9A19103F-16F7-4668-BE54-9A1E7A4F7556}") = "N6Issue1", "N6Issue1\N6Issue1.csproj", "{63DF2AD8-0EEE-419F-8799-CFE728026622}"
EndProject
Project("{9A19103F-16F7-4668-BE54-9A1E7A4F7556}") = "N6issue2", "N6issue2\N6issue2.csproj", "{C076761E-5062-4FEA-8D61-B586757BCA90}"
EndProject
Project("{2150E333-8FDC-42A3-9474-1A3956D46DE8}") = "N7", "N7", "{FC6BBE50-1C74-42AD-81D4-FD8F07EB3E68}"
EndProject
Project("{2150E333-8FDC-42A3-9474-1A3956D46DE8}") = "Tasks", "Tasks", "{17D383D7-D0D3-422D-A16D-3D02C51B81D4}"
EndProject
Project("{9A19103F-16F7-4668-BE54-9A1E7A4F7556}") = "N7issue1", "N7issue1\N7issue1.csproj", "{BECB6BDA-065D-4E10-82A5-6B022CE25176}"
EndProject
Project("{2150E333-8FDC-42A3-9474-1A3956D46DE8}") = "PracticeLesson", "PracticeLesson", "{F853CA63-5D9D-426B-AE85-58D4E939A666}"
EndProject
Project("{2150E333-8FDC-42A3-9474-1A3956D46DE8}") = "NewFolder1", "NewFolder1", "{A5D5FF2D-1082-4AD8-AD12-E9556536257D}"
EndProject
Project("{9A19103F-16F7-4668-BE54-9A1E7A4F7556}") = "NF1", "NF1\NF1.csproj", "{4FA23BA4-57D3-44F5-89DB-44CA17341394}"
EndProject
Project("{2150E333-8FDC-42A3-9474-1A3956D46DE8}") = "N8", "N8", "{8917407E-F9AD-4BE0-9648-98A8B25A133F}"
EndProject
Project("{9A19103F-16F7-4668-BE54-9A1E7A4F7556}") = "N8issue8", "N8issue8\N8issue8.csproj", "{EC9C8B32-E132-4668-9864-38F55BE3D4B3}"
EndProject
Project("{2150E333-8FDC-42A3-9474-1A3956D46DE8}") = "HomeTasks", "HomeTasks", "{422A42A8-A995-4CF3-86AE-290A6C99DEF8}"
EndProject
Project("{9A19103F-16F7-4668-BE54-9A1E7A4F7556}") = "N8issue1", "N8issue1\N8issue1.csproj", "{148CB9E4-4510-47EE-B991-B1F9AB5CC244}"
EndProject
Project("{2150E333-8FDC-42A3-9474-1A3956D46DE8}") = "N9", "N9", "{AEFF8001-14C2-4CE4-AAC4-389081E6348F}"
EndProject
Project("{9A19103F-16F7-4668-BE54-9A1E7A4F7556}") = "N9", "N9\N9.csproj", "{4F9130A0-48F4-48C0-8F72-EAACCE841273}"
EndProject
Project("{2150E333-8FDC-42A3-9474-1A3956D46DE8}") = "Tasks", "Tasks", "{CC2C122C-E08A-4BC3-95D5-8E2A34DB301F}"
EndProject
Project("{9A19103F-16F7-4668-BE54-9A1E7A4F7556}") = "N9Task1", "N9Task1\N9Task1.csproj", "{77313117-F31D-4A7C-A4B2-DF0F25235C88}"
EndProject
Project("{2150E333-8FDC-42A3-9474-1A3956D46DE8}") = "HomeTasks", "HomeTasks", "{EF112444-8E46-4EDF-BEEC-2237A788A5C5}"
EndProject
Project("{9A19103F-16F7-4668-BE54-9A1E7A4F7556}") = "N9HomeTask1", "N9HomeTask1\N9HomeTask1.csproj", "{7B67570D-68DB-4E05-A817-9EC4067C6169}"
EndProject
Project("{2150E333-8FDC-42A3-9474-1A3956D46DE8}") = "N10", "N10", "{9E432CDA-B158-45DF-B626-3B3427FF81C2}"
EndProject
Project("{9A19103F-16F7-4668-BE54-9A1E7A4F7556}") = "N10", "N10\N10.csproj", "{26932D7A-4083-4338-B7A0-DE6D1723B2E8}"
EndProject
Project("{9A19103F-16F7-4668-BE54-9A1E7A4F7556}") = "N10Issue2", "N10Issue2\N10Issue2.csproj", "{0F625389-C824-4E0E-8557-12A50BB7CEE4}"
EndProject
Project("{9A19103F-16F7-4668-BE54-9A1E7A4F7556}") = "N9Hometask2", "N9Hometask2\N9Hometask2.csproj", "{72FA3FFA-01C5-4756-9794-5AC93EAEF60A}"
EndProject
Project("{2150E333-8FDC-42A3-9474-1A3956D46DE8}") = "HomeTasks", "HomeTasks", "{DE1AB8C0-FA09-4564-869A-8E1F6A652775}"
EndProject
Project("{9A19103F-16F7-4668-BE54-9A1E7A4F7556}") = "N10issue1", "N10issue1\N10issue1.csproj", "{528DC2B8-5A28-4C93-A62B-96596C762C68}"
EndProject
Project("{9A19103F-16F7-4668-BE54-9A1E7A4F7556}") = "N10Home2", "N10Home2\N10Home2.csproj", "{3B5B1371-40AB-4A27-AB9F-8C2F4E90211A}"
EndProject
Project("{9A19103F-16F7-4668-BE54-9A1E7A4F7556}") = "N10Home3", "N10Home3\N10Home3.csproj", "{B1942299-54F0-4453-A234-16A2FF690FFE}"
EndProject
Project("{9A19103F-16F7-4668-BE54-9A1E7A4F7556}") = "N10home4", "N10home4\N10home4.csproj", "{0C5784EC-03A8-4B12-9DAE-E5AEAC89F6C4}"
EndProject
Project("{2150E333-8FDC-42A3-9474-1A3956D46DE8}") = "N11", "N11", "{EAFA17E9-CAE8-4A3A-825C-9B1C57DE0C6D}"
EndProject
Project("{2150E333-8FDC-42A3-9474-1A3956D46DE8}") = "Tasks", "Tasks", "{2EEB2A47-0761-45C3-8547-0426444FB65B}"
EndProject
Project("{9A19103F-16F7-4668-BE54-9A1E7A4F7556}") = "N11Task1", "N11Task1\N11Task1.csproj", "{06D762A0-642F-411F-8C76-3DFF71418DA6}"
EndProject
Project("{2150E333-8FDC-42A3-9474-1A3956D46DE8}") = "HomeTasks", "HomeTasks", "{FAA37D48-A444-4C88-B855-D03EC1DCFC24}"
EndProject
Project("{9A19103F-16F7-4668-BE54-9A1E7A4F7556}") = "N11Home1", "N11Home1\N11Home1.csproj", "{4844A416-686D-44E2-859A-D83B3677DDCC}"
EndProject
Project("{2150E333-8FDC-42A3-9474-1A3956D46DE8}") = "N12", "N12", "{A3C84E98-80DA-4429-B17B-8E12D51F1241}"
EndProject
Project("{2150E333-8FDC-42A3-9474-1A3956D46DE8}") = "Tasks", "Tasks", "{9094452D-5442-4DBB-AB1F-53285E3506E7}"
EndProject
Project("{9A19103F-16F7-4668-BE54-9A1E7A4F7556}") = "N12Task1", "N12Task1\N12Task1.csproj", "{4C919F0F-E44F-4042-B4AB-5AA49982BC4C}"
EndProject
Project("{9A19103F-16F7-4668-BE54-9A1E7A4F7556}") = "N12Task2", "N12Task2\N12Task2.csproj", "{1C66F541-DBCA-4A3F-B82B-2915AFF25713}"
EndProject
Project("{9A19103F-16F7-4668-BE54-9A1E7A4F7556}") = "N12Task4", "N12Task4\N12Task4.csproj", "{DC551CD9-DCEE-4D45-9425-2FE782537A91}"
EndProject
Project("{2150E333-8FDC-42A3-9474-1A3956D46DE8}") = "HomeTasks", "HomeTasks", "{3B7468AC-E11F-428E-8B00-CE215F19B4D9}"
EndProject
Project("{9A19103F-16F7-4668-BE54-9A1E7A4F7556}") = "N12Home1", "N12Home1\N12Home1.csproj", "{BAE2665B-2687-4743-A89A-A69868DD06AE}"
EndProject
Project("{9A19103F-16F7-4668-BE54-9A1E7A4F7556}") = "N12Home2", "N12Home2\N12Home2.csproj", "{ED3BB644-1C41-4E5B-AD8B-C2CB515425AF}"
EndProject
Project("{2150E333-8FDC-42A3-9474-1A3956D46DE8}") = "N13", "N13", "{ECBB3B5F-C8E2-4970-B9F6-59A110C34515}"
EndProject
Project("{2150E333-8FDC-42A3-9474-1A3956D46DE8}") = "Tasks", "Tasks", "{5298599A-7049-4B3A-B243-150D6D9BBA4A}"
EndProject
Project("{9A19103F-16F7-4668-BE54-9A1E7A4F7556}") = "Task1", "Task1\Task1.csproj", "{72B83AAD-6D0B-4ECE-8FD7-37CCF7DB223A}"
EndProject
Project("{9A19103F-16F7-4668-BE54-9A1E7A4F7556}") = "N13", "N13\N13.csproj", "{8C94EF1F-DDF4-4EBD-9869-443440F58981}"
EndProject
Project("{9A19103F-16F7-4668-BE54-9A1E7A4F7556}") = "N13Task2", "N13Task2\N13Task2.csproj", "{20BE3197-E563-4D50-AF3E-C09F19154A28}"
EndProject
Project("{9A19103F-16F7-4668-BE54-9A1E7A4F7556}") = "N13Task3", "N13Task3\N13Task3.csproj", "{C8BB5F3E-D1F3-48A5-BDC3-5321DDB4EF8D}"
EndProject
Project("{2150E333-8FDC-42A3-9474-1A3956D46DE8}") = "HomeTasks", "HomeTasks", "{A9F5000E-AFDD-472B-99F4-DB0E9008F3EF}"
EndProject
Project("{9A19103F-16F7-4668-BE54-9A1E7A4F7556}") = "N13Home1", "N13Home1\N13Home1.csproj", "{AD7B26CF-E705-48FF-B375-44BE81749D75}"
EndProject
Project("{9A19103F-16F7-4668-BE54-9A1E7A4F7556}") = "N13Home2", "N13Home2\N13Home2.csproj", "{EDDC42DF-7742-4DA9-B242-765963930CD1}"
EndProject
Project("{2150E333-8FDC-42A3-9474-1A3956D46DE8}") = "N14", "N14", "{0C80531D-AD10-4F28-A774-8D6C5415A0D2}"
EndProject
Project("{2150E333-8FDC-42A3-9474-1A3956D46DE8}") = "Tasks", "Tasks", "{A5423DBB-F8CF-48D9-80CA-B2371531B3F5}"
EndProject
Project("{9A19103F-16F7-4668-BE54-9A1E7A4F7556}") = "N14Task1", "N14Task1\N14Task1.csproj", "{FD136847-6D3B-4B15-8977-E1AFD1B181F0}"
EndProject
Project("{9A19103F-16F7-4668-BE54-9A1E7A4F7556}") = "N14Task2", "N14Task2\N14Task2.csproj", "{64329523-8E9F-44DE-A996-F3B1F1844353}"
EndProject
Project("{2150E333-8FDC-42A3-9474-1A3956D46DE8}") = "HomeTasks", "HomeTasks", "{30F27A8A-4B4A-4CD4-8603-4EA1D3615DA6}"
EndProject
Project("{9A19103F-16F7-4668-BE54-9A1E7A4F7556}") = "N14Home1", "N14Home1\N14Home1.csproj", "{8F2738FB-CA57-4192-B20A-FE0E93987C8C}"
EndProject
Project("{9A19103F-16F7-4668-BE54-9A1E7A4F7556}") = "N14Home2", "N14Home2\N14Home2.csproj", "{AB26368C-40D8-4B7B-8080-25DDBEE16172}"
EndProject
Project("{2150E333-8FDC-42A3-9474-1A3956D46DE8}") = "N15", "N15", "{A2677214-B26D-4180-8BE3-1169FEC24F7B}"
EndProject
Project("{2150E333-8FDC-42A3-9474-1A3956D46DE8}") = "Tasks", "Tasks", "{40671BB3-C643-4452-A11B-6B0C04436103}"
EndProject
Project("{9A19103F-16F7-4668-BE54-9A1E7A4F7556}") = "N15Task1", "N15Task1\N15Task1.csproj", "{C1DE72D9-71F9-42D1-BB03-69FF72060AAE}"
EndProject
Project("{9A19103F-16F7-4668-BE54-9A1E7A4F7556}") = "N14Teacher version", "N14Teacher version\N14Teacher version.csproj", "{046ABB73-27F5-41AD-B8BA-1A7D9EDD891E}"
EndProject
Project("{9A19103F-16F7-4668-BE54-9A1E7A4F7556}") = "HomeTask3", "HomeTask3\HomeTask3.csproj", "{F622D901-2D91-4272-B7B4-7C0573F207F8}"
EndProject
Project("{2150E333-8FDC-42A3-9474-1A3956D46DE8}") = "HomeTasks", "HomeTasks", "{E60433C6-1412-488B-965A-48EC5AF59F06}"
EndProject
Project("{9A19103F-16F7-4668-BE54-9A1E7A4F7556}") = "N15Home1", "N15Homeq\N15Home1.csproj", "{22FA7118-0236-46B7-B6B8-2B8F3F6D9713}"
EndProject
Project("{2150E333-8FDC-42A3-9474-1A3956D46DE8}") = "N16", "N16", "{10328D90-6E42-467D-B335-350495E0FBD2}"
EndProject
Project("{2150E333-8FDC-42A3-9474-1A3956D46DE8}") = "Tasks", "Tasks", "{59A69942-2A2F-4F61-95D8-4F518A9F8EB5}"
EndProject
Project("{9A19103F-16F7-4668-BE54-9A1E7A4F7556}") = "N16Task1", "N16Task1\N16Task1.csproj", "{9217AF3E-2DDE-4A64-BF98-19015B1415D7}"
EndProject
Project("{2150E333-8FDC-42A3-9474-1A3956D46DE8}") = "HomeTasks", "HomeTasks", "{B6CFDFDF-B6A4-40DB-80D8-7EBD0319D0CC}"
EndProject
Project("{9A19103F-16F7-4668-BE54-9A1E7A4F7556}") = "N16Home1", "N16Home1\N16Home1.csproj", "{D912DA01-A76F-4CBC-AA0B-CB7E4B9F00AB}"
EndProject
Project("{9A19103F-16F7-4668-BE54-9A1E7A4F7556}") = "N16Home2", "N16Home2\N16Home2.csproj", "{22FB69E2-17E6-4E2D-BE5B-ED9C66DBFF57}"
EndProject
Project("{2150E333-8FDC-42A3-9474-1A3956D46DE8}") = "N17", "N17", "{E9E84BD9-82C7-4C5B-ADD8-B4F678C878DC}"
EndProject
Project("{2150E333-8FDC-42A3-9474-1A3956D46DE8}") = "Tasks", "Tasks", "{0CBD2DE7-05F1-4D95-AF23-6828B7454DF1}"
EndProject
Project("{9A19103F-16F7-4668-BE54-9A1E7A4F7556}") = "N17Task1", "N17Task1\N17Task1.csproj", "{123753EB-DC34-4566-874F-01CECFA3043E}"
EndProject
Project("{9A19103F-16F7-4668-BE54-9A1E7A4F7556}") = "N17Task2", "N17Task2\N17Task2.csproj", "{273405C7-6376-4F1E-A91B-846E952208E5}"
EndProject
Project("{2150E333-8FDC-42A3-9474-1A3956D46DE8}") = "HomeTasks", "HomeTasks", "{13424C2B-FDA1-4144-8EA8-0CFB13FEBED5}"
EndProject
Project("{9A19103F-16F7-4668-BE54-9A1E7A4F7556}") = "N17Home1", "N17Home1\N17Home1.csproj", "{ADB7E308-786E-410F-8AEA-BE384B2C3B14}"
EndProject
Project("{9A19103F-16F7-4668-BE54-9A1E7A4F7556}") = "ConsoleApp1", "ConsoleApp1\ConsoleApp1.csproj", "{F41F626D-1C86-42D6-8882-6937CAA87173}"
EndProject
Project("{9A19103F-16F7-4668-BE54-9A1E7A4F7556}") = "N17Home2", "N17Home2\N17Home2.csproj", "{C9ED6E41-728C-4BEC-95BC-0DB5E04FA457}"
EndProject
Project("{2150E333-8FDC-42A3-9474-1A3956D46DE8}") = "N18", "N18", "{1C2447B6-1295-4FB3-B3C8-9A3646E28E44}"
EndProject
Project("{2150E333-8FDC-42A3-9474-1A3956D46DE8}") = "Tasks", "Tasks", "{0DFAEFB6-A3C7-4BA3-AC94-EA1C23714056}"
EndProject
Project("{9A19103F-16F7-4668-BE54-9A1E7A4F7556}") = "N18Task1", "N18Task1\N18Task1.csproj", "{883D450F-CDF4-4354-8F67-EDEE27D1C486}"
EndProject
Project("{2150E333-8FDC-42A3-9474-1A3956D46DE8}") = "HomeTasks", "HomeTasks", "{F493D2C4-AD67-4502-8223-C2A69ECCAC90}"
EndProject
Project("{9A19103F-16F7-4668-BE54-9A1E7A4F7556}") = "N18Home", "N18Home\N18Home.csproj", "{CB0911F2-A060-4FB5-B60B-1C806A4EF73E}"
EndProject
Project("{2150E333-8FDC-42A3-9474-1A3956D46DE8}") = "N19", "N19", "{77D70F52-F5F8-4173-BCE9-CB1305F88D74}"
EndProject
Project("{2150E333-8FDC-42A3-9474-1A3956D46DE8}") = "Tasks", "Tasks", "{9C424310-B9FA-452A-AF70-A5AA69268F70}"
EndProject
Project("{9A19103F-16F7-4668-BE54-9A1E7A4F7556}") = "N19Task1", "N19Task1\N19Task1.csproj", "{FC0AA01E-6F19-41D3-A05D-9969CCBE9E3E}"
EndProject
Project("{9A19103F-16F7-4668-BE54-9A1E7A4F7556}") = "N20Task1", "N20Task1\N20Task1.csproj", "{D732EB1A-959A-4D22-843C-E9BA43C2E266}"
EndProject
Project("{2150E333-8FDC-42A3-9474-1A3956D46DE8}") = "N20", "N20", "{D8A33640-8717-4F37-A3E9-4258F287210F}"
EndProject
Project("{2150E333-8FDC-42A3-9474-1A3956D46DE8}") = "Tasks", "Tasks", "{6713F2E2-8B4D-45B4-9D9C-1A22340C0E87}"
EndProject
Project("{2150E333-8FDC-42A3-9474-1A3956D46DE8}") = "Hometasks", "Hometasks", "{12F7FAE4-ABA9-4940-B49D-23024C5E7B2B}"
EndProject
Project("{2150E333-8FDC-42A3-9474-1A3956D46DE8}") = "NewFolder1", "NewFolder1", "{19484AD9-7085-4D4A-AA17-6A6D93DA6F33}"
EndProject
Project("{9A19103F-16F7-4668-BE54-9A1E7A4F7556}") = "N20HomeImtixon", "N20HomeImtixon\N20HomeImtixon.csproj", "{1815DA93-A5EA-4404-A291-2E66C27A8CC4}"
EndProject
Project("{9A19103F-16F7-4668-BE54-9A1E7A4F7556}") = "N20Home2", "N20Home2\N20Home2.csproj", "{061FC063-CC41-4049-87D0-5244906B785A}"
EndProject
Project("{2150E333-8FDC-42A3-9474-1A3956D46DE8}") = "N21", "N21", "{D6FE0384-7242-4ACA-B024-C05612787381}"
EndProject
Project("{2150E333-8FDC-42A3-9474-1A3956D46DE8}") = "HomeTasks", "HomeTasks", "{24AE61C9-B20E-462E-ACE1-27AA09ED7945}"
EndProject
Project("{9A19103F-16F7-4668-BE54-9A1E7A4F7556}") = "N21CreateList", "N21CreateList\N21CreateList.csproj", "{0C70FD49-BBD2-47A3-A6CC-8653FE0C80FF}"
EndProject
Project("{2150E333-8FDC-42A3-9474-1A3956D46DE8}") = "Tasks", "Tasks", "{F0BC8CF4-F374-4F26-9F1B-17E6289ADCBB}"
EndProject
Project("{9A19103F-16F7-4668-BE54-9A1E7A4F7556}") = "N21Task1", "N21Task1\N21Task1.csproj", "{F4DEB83F-4BA0-41EE-AEB4-9C37E5912B5B}"
EndProject
Project("{2150E333-8FDC-42A3-9474-1A3956D46DE8}") = "N22", "N22", "{CDA81C8E-F1FD-4FA3-B79B-1491D1EB47E7}"
EndProject
Project("{2150E333-8FDC-42A3-9474-1A3956D46DE8}") = "Tasks", "Tasks", "{6DDB2263-83BC-41D3-9E87-AAA96245452A}"
EndProject
Project("{9A19103F-16F7-4668-BE54-9A1E7A4F7556}") = "N22Task1", "N22Task1\N22Task1.csproj", "{3203E4FD-C6EC-42E8-918F-D0B7108E3D3A}"
EndProject
Project("{2150E333-8FDC-42A3-9474-1A3956D46DE8}") = "HomeTasks", "HomeTasks", "{B18C9E35-AD3C-453F-9E07-A0DF339B602B}"
EndProject
Project("{9A19103F-16F7-4668-BE54-9A1E7A4F7556}") = "N22Home1", "N22Home1\N22Home1.csproj", "{F486574E-B495-4DC7-9519-BBC539EF2667}"
EndProject
Project("{9A19103F-16F7-4668-BE54-9A1E7A4F7556}") = "N22Test", "N22Test\N22Test.csproj", "{1E818BB6-C1CD-4955-BF84-63C7C81E6F13}"
EndProject
Project("{2150E333-8FDC-42A3-9474-1A3956D46DE8}") = "N23", "N23", "{5FB4774E-60FC-46F5-85D4-0E5286B9D7BB}"
EndProject
Project("{2150E333-8FDC-42A3-9474-1A3956D46DE8}") = "Tasks", "Tasks", "{50071125-1418-40F4-92D6-335BCA321E7B}"
EndProject
Project("{9A19103F-16F7-4668-BE54-9A1E7A4F7556}") = "N23Task1", "N23Task1\N23Task1.csproj", "{0E362312-9502-40C3-BF67-036EAC09C2CF}"
EndProject
Project("{9A19103F-16F7-4668-BE54-9A1E7A4F7556}") = "N23Task2", "N23Task2\N23Task2.csproj", "{96A052C4-FD76-4DCD-B107-8EA262B4038E}"
EndProject
Project("{2150E333-8FDC-42A3-9474-1A3956D46DE8}") = "HomeTasks", "HomeTasks", "{EB8343B0-4DFA-45C0-9D93-F9D14D6BD59E}"
EndProject
Project("{FAE04EC0-301F-11D3-BF4B-00C04F79EFBC}") = "N23Home1", "N23Home1\N23Home1.csproj", "{D28FCF87-9BFB-4388-B72A-E709FCFD64A9}"
EndProject
Project("{FAE04EC0-301F-11D3-BF4B-00C04F79EFBC}") = "N23Home2", "N23Home2\N23Home2.csproj", "{DFB89BBC-00A8-4A48-BCA3-2F42F71B366F}"
EndProject
Global
	GlobalSection(SolutionConfigurationPlatforms) = preSolution
		Debug|Any CPU = Debug|Any CPU
		Release|Any CPU = Release|Any CPU
	EndGlobalSection
	GlobalSection(ProjectConfigurationPlatforms) = postSolution
		{19DA738A-3D95-449E-A1C1-11CF798E5FDA}.Debug|Any CPU.ActiveCfg = Debug|Any CPU
		{19DA738A-3D95-449E-A1C1-11CF798E5FDA}.Debug|Any CPU.Build.0 = Debug|Any CPU
		{19DA738A-3D95-449E-A1C1-11CF798E5FDA}.Release|Any CPU.ActiveCfg = Release|Any CPU
		{19DA738A-3D95-449E-A1C1-11CF798E5FDA}.Release|Any CPU.Build.0 = Release|Any CPU
		{64725D08-4CA4-423A-A25E-ED601735FC82}.Debug|Any CPU.ActiveCfg = Debug|Any CPU
		{64725D08-4CA4-423A-A25E-ED601735FC82}.Debug|Any CPU.Build.0 = Debug|Any CPU
		{64725D08-4CA4-423A-A25E-ED601735FC82}.Release|Any CPU.ActiveCfg = Release|Any CPU
		{64725D08-4CA4-423A-A25E-ED601735FC82}.Release|Any CPU.Build.0 = Release|Any CPU
		{0347D658-3B97-4D73-9117-9D85DA34E1B4}.Debug|Any CPU.ActiveCfg = Debug|Any CPU
		{0347D658-3B97-4D73-9117-9D85DA34E1B4}.Debug|Any CPU.Build.0 = Debug|Any CPU
		{0347D658-3B97-4D73-9117-9D85DA34E1B4}.Release|Any CPU.ActiveCfg = Release|Any CPU
		{0347D658-3B97-4D73-9117-9D85DA34E1B4}.Release|Any CPU.Build.0 = Release|Any CPU
		{BDFC18F5-305A-4ACE-AAD1-6CFC51F1BA4B}.Debug|Any CPU.ActiveCfg = Debug|Any CPU
		{BDFC18F5-305A-4ACE-AAD1-6CFC51F1BA4B}.Debug|Any CPU.Build.0 = Debug|Any CPU
		{BDFC18F5-305A-4ACE-AAD1-6CFC51F1BA4B}.Release|Any CPU.ActiveCfg = Release|Any CPU
		{BDFC18F5-305A-4ACE-AAD1-6CFC51F1BA4B}.Release|Any CPU.Build.0 = Release|Any CPU
		{43C343D0-8E46-441C-8286-E88C916802A5}.Debug|Any CPU.ActiveCfg = Debug|Any CPU
		{43C343D0-8E46-441C-8286-E88C916802A5}.Debug|Any CPU.Build.0 = Debug|Any CPU
		{43C343D0-8E46-441C-8286-E88C916802A5}.Release|Any CPU.ActiveCfg = Release|Any CPU
		{43C343D0-8E46-441C-8286-E88C916802A5}.Release|Any CPU.Build.0 = Release|Any CPU
		{9CCDA82C-B96D-4DD5-A668-B5F4F1CE1EE6}.Debug|Any CPU.ActiveCfg = Debug|Any CPU
		{9CCDA82C-B96D-4DD5-A668-B5F4F1CE1EE6}.Debug|Any CPU.Build.0 = Debug|Any CPU
		{9CCDA82C-B96D-4DD5-A668-B5F4F1CE1EE6}.Release|Any CPU.ActiveCfg = Release|Any CPU
		{9CCDA82C-B96D-4DD5-A668-B5F4F1CE1EE6}.Release|Any CPU.Build.0 = Release|Any CPU
		{DE04F8F9-E793-4F4A-BC40-10098233C67B}.Debug|Any CPU.ActiveCfg = Debug|Any CPU
		{DE04F8F9-E793-4F4A-BC40-10098233C67B}.Debug|Any CPU.Build.0 = Debug|Any CPU
		{DE04F8F9-E793-4F4A-BC40-10098233C67B}.Release|Any CPU.ActiveCfg = Release|Any CPU
		{DE04F8F9-E793-4F4A-BC40-10098233C67B}.Release|Any CPU.Build.0 = Release|Any CPU
		{EF63F3B8-6ED4-454D-B46B-228E6DE2E690}.Debug|Any CPU.ActiveCfg = Debug|Any CPU
		{EF63F3B8-6ED4-454D-B46B-228E6DE2E690}.Debug|Any CPU.Build.0 = Debug|Any CPU
		{EF63F3B8-6ED4-454D-B46B-228E6DE2E690}.Release|Any CPU.ActiveCfg = Release|Any CPU
		{EF63F3B8-6ED4-454D-B46B-228E6DE2E690}.Release|Any CPU.Build.0 = Release|Any CPU
		{2E7098C3-6E69-4F15-8C93-7973820E92B9}.Debug|Any CPU.ActiveCfg = Debug|Any CPU
		{2E7098C3-6E69-4F15-8C93-7973820E92B9}.Debug|Any CPU.Build.0 = Debug|Any CPU
		{2E7098C3-6E69-4F15-8C93-7973820E92B9}.Release|Any CPU.ActiveCfg = Release|Any CPU
		{2E7098C3-6E69-4F15-8C93-7973820E92B9}.Release|Any CPU.Build.0 = Release|Any CPU
		{2C80576C-E433-4614-95AD-6B7214AE406E}.Debug|Any CPU.ActiveCfg = Debug|Any CPU
		{2C80576C-E433-4614-95AD-6B7214AE406E}.Debug|Any CPU.Build.0 = Debug|Any CPU
		{2C80576C-E433-4614-95AD-6B7214AE406E}.Release|Any CPU.ActiveCfg = Release|Any CPU
		{2C80576C-E433-4614-95AD-6B7214AE406E}.Release|Any CPU.Build.0 = Release|Any CPU
		{FE5DC35D-847E-4E94-B4FB-9B3D78A66C76}.Debug|Any CPU.ActiveCfg = Debug|Any CPU
		{FE5DC35D-847E-4E94-B4FB-9B3D78A66C76}.Debug|Any CPU.Build.0 = Debug|Any CPU
		{FE5DC35D-847E-4E94-B4FB-9B3D78A66C76}.Release|Any CPU.ActiveCfg = Release|Any CPU
		{FE5DC35D-847E-4E94-B4FB-9B3D78A66C76}.Release|Any CPU.Build.0 = Release|Any CPU
		{4A43EA00-DB61-4A31-AB27-5CEB02BF0BC2}.Debug|Any CPU.ActiveCfg = Debug|Any CPU
		{4A43EA00-DB61-4A31-AB27-5CEB02BF0BC2}.Debug|Any CPU.Build.0 = Debug|Any CPU
		{4A43EA00-DB61-4A31-AB27-5CEB02BF0BC2}.Release|Any CPU.ActiveCfg = Release|Any CPU
		{4A43EA00-DB61-4A31-AB27-5CEB02BF0BC2}.Release|Any CPU.Build.0 = Release|Any CPU
		{63DF2AD8-0EEE-419F-8799-CFE728026622}.Debug|Any CPU.ActiveCfg = Debug|Any CPU
		{63DF2AD8-0EEE-419F-8799-CFE728026622}.Debug|Any CPU.Build.0 = Debug|Any CPU
		{63DF2AD8-0EEE-419F-8799-CFE728026622}.Release|Any CPU.ActiveCfg = Release|Any CPU
		{63DF2AD8-0EEE-419F-8799-CFE728026622}.Release|Any CPU.Build.0 = Release|Any CPU
		{C076761E-5062-4FEA-8D61-B586757BCA90}.Debug|Any CPU.ActiveCfg = Debug|Any CPU
		{C076761E-5062-4FEA-8D61-B586757BCA90}.Debug|Any CPU.Build.0 = Debug|Any CPU
		{C076761E-5062-4FEA-8D61-B586757BCA90}.Release|Any CPU.ActiveCfg = Release|Any CPU
		{C076761E-5062-4FEA-8D61-B586757BCA90}.Release|Any CPU.Build.0 = Release|Any CPU
		{BECB6BDA-065D-4E10-82A5-6B022CE25176}.Debug|Any CPU.ActiveCfg = Debug|Any CPU
		{BECB6BDA-065D-4E10-82A5-6B022CE25176}.Debug|Any CPU.Build.0 = Debug|Any CPU
		{BECB6BDA-065D-4E10-82A5-6B022CE25176}.Release|Any CPU.ActiveCfg = Release|Any CPU
		{BECB6BDA-065D-4E10-82A5-6B022CE25176}.Release|Any CPU.Build.0 = Release|Any CPU
		{4FA23BA4-57D3-44F5-89DB-44CA17341394}.Debug|Any CPU.ActiveCfg = Debug|Any CPU
		{4FA23BA4-57D3-44F5-89DB-44CA17341394}.Debug|Any CPU.Build.0 = Debug|Any CPU
		{4FA23BA4-57D3-44F5-89DB-44CA17341394}.Release|Any CPU.ActiveCfg = Release|Any CPU
		{4FA23BA4-57D3-44F5-89DB-44CA17341394}.Release|Any CPU.Build.0 = Release|Any CPU
		{EC9C8B32-E132-4668-9864-38F55BE3D4B3}.Debug|Any CPU.ActiveCfg = Debug|Any CPU
		{EC9C8B32-E132-4668-9864-38F55BE3D4B3}.Debug|Any CPU.Build.0 = Debug|Any CPU
		{EC9C8B32-E132-4668-9864-38F55BE3D4B3}.Release|Any CPU.ActiveCfg = Release|Any CPU
		{EC9C8B32-E132-4668-9864-38F55BE3D4B3}.Release|Any CPU.Build.0 = Release|Any CPU
		{148CB9E4-4510-47EE-B991-B1F9AB5CC244}.Debug|Any CPU.ActiveCfg = Debug|Any CPU
		{148CB9E4-4510-47EE-B991-B1F9AB5CC244}.Debug|Any CPU.Build.0 = Debug|Any CPU
		{148CB9E4-4510-47EE-B991-B1F9AB5CC244}.Release|Any CPU.ActiveCfg = Release|Any CPU
		{148CB9E4-4510-47EE-B991-B1F9AB5CC244}.Release|Any CPU.Build.0 = Release|Any CPU
		{4F9130A0-48F4-48C0-8F72-EAACCE841273}.Debug|Any CPU.ActiveCfg = Debug|Any CPU
		{4F9130A0-48F4-48C0-8F72-EAACCE841273}.Debug|Any CPU.Build.0 = Debug|Any CPU
		{4F9130A0-48F4-48C0-8F72-EAACCE841273}.Release|Any CPU.ActiveCfg = Release|Any CPU
		{4F9130A0-48F4-48C0-8F72-EAACCE841273}.Release|Any CPU.Build.0 = Release|Any CPU
		{77313117-F31D-4A7C-A4B2-DF0F25235C88}.Debug|Any CPU.ActiveCfg = Debug|Any CPU
		{77313117-F31D-4A7C-A4B2-DF0F25235C88}.Debug|Any CPU.Build.0 = Debug|Any CPU
		{77313117-F31D-4A7C-A4B2-DF0F25235C88}.Release|Any CPU.ActiveCfg = Release|Any CPU
		{77313117-F31D-4A7C-A4B2-DF0F25235C88}.Release|Any CPU.Build.0 = Release|Any CPU
		{7B67570D-68DB-4E05-A817-9EC4067C6169}.Debug|Any CPU.ActiveCfg = Debug|Any CPU
		{7B67570D-68DB-4E05-A817-9EC4067C6169}.Debug|Any CPU.Build.0 = Debug|Any CPU
		{7B67570D-68DB-4E05-A817-9EC4067C6169}.Release|Any CPU.ActiveCfg = Release|Any CPU
		{7B67570D-68DB-4E05-A817-9EC4067C6169}.Release|Any CPU.Build.0 = Release|Any CPU
		{26932D7A-4083-4338-B7A0-DE6D1723B2E8}.Debug|Any CPU.ActiveCfg = Debug|Any CPU
		{26932D7A-4083-4338-B7A0-DE6D1723B2E8}.Debug|Any CPU.Build.0 = Debug|Any CPU
		{26932D7A-4083-4338-B7A0-DE6D1723B2E8}.Release|Any CPU.ActiveCfg = Release|Any CPU
		{26932D7A-4083-4338-B7A0-DE6D1723B2E8}.Release|Any CPU.Build.0 = Release|Any CPU
		{0F625389-C824-4E0E-8557-12A50BB7CEE4}.Debug|Any CPU.ActiveCfg = Debug|Any CPU
		{0F625389-C824-4E0E-8557-12A50BB7CEE4}.Debug|Any CPU.Build.0 = Debug|Any CPU
		{0F625389-C824-4E0E-8557-12A50BB7CEE4}.Release|Any CPU.ActiveCfg = Release|Any CPU
		{0F625389-C824-4E0E-8557-12A50BB7CEE4}.Release|Any CPU.Build.0 = Release|Any CPU
		{72FA3FFA-01C5-4756-9794-5AC93EAEF60A}.Debug|Any CPU.ActiveCfg = Debug|Any CPU
		{72FA3FFA-01C5-4756-9794-5AC93EAEF60A}.Debug|Any CPU.Build.0 = Debug|Any CPU
		{72FA3FFA-01C5-4756-9794-5AC93EAEF60A}.Release|Any CPU.ActiveCfg = Release|Any CPU
		{72FA3FFA-01C5-4756-9794-5AC93EAEF60A}.Release|Any CPU.Build.0 = Release|Any CPU
		{528DC2B8-5A28-4C93-A62B-96596C762C68}.Debug|Any CPU.ActiveCfg = Debug|Any CPU
		{528DC2B8-5A28-4C93-A62B-96596C762C68}.Debug|Any CPU.Build.0 = Debug|Any CPU
		{528DC2B8-5A28-4C93-A62B-96596C762C68}.Release|Any CPU.ActiveCfg = Release|Any CPU
		{528DC2B8-5A28-4C93-A62B-96596C762C68}.Release|Any CPU.Build.0 = Release|Any CPU
		{3B5B1371-40AB-4A27-AB9F-8C2F4E90211A}.Debug|Any CPU.ActiveCfg = Debug|Any CPU
		{3B5B1371-40AB-4A27-AB9F-8C2F4E90211A}.Debug|Any CPU.Build.0 = Debug|Any CPU
		{3B5B1371-40AB-4A27-AB9F-8C2F4E90211A}.Release|Any CPU.ActiveCfg = Release|Any CPU
		{3B5B1371-40AB-4A27-AB9F-8C2F4E90211A}.Release|Any CPU.Build.0 = Release|Any CPU
		{B1942299-54F0-4453-A234-16A2FF690FFE}.Debug|Any CPU.ActiveCfg = Debug|Any CPU
		{B1942299-54F0-4453-A234-16A2FF690FFE}.Debug|Any CPU.Build.0 = Debug|Any CPU
		{B1942299-54F0-4453-A234-16A2FF690FFE}.Release|Any CPU.ActiveCfg = Release|Any CPU
		{B1942299-54F0-4453-A234-16A2FF690FFE}.Release|Any CPU.Build.0 = Release|Any CPU
		{0C5784EC-03A8-4B12-9DAE-E5AEAC89F6C4}.Debug|Any CPU.ActiveCfg = Debug|Any CPU
		{0C5784EC-03A8-4B12-9DAE-E5AEAC89F6C4}.Debug|Any CPU.Build.0 = Debug|Any CPU
		{0C5784EC-03A8-4B12-9DAE-E5AEAC89F6C4}.Release|Any CPU.ActiveCfg = Release|Any CPU
		{0C5784EC-03A8-4B12-9DAE-E5AEAC89F6C4}.Release|Any CPU.Build.0 = Release|Any CPU
		{06D762A0-642F-411F-8C76-3DFF71418DA6}.Debug|Any CPU.ActiveCfg = Debug|Any CPU
		{06D762A0-642F-411F-8C76-3DFF71418DA6}.Debug|Any CPU.Build.0 = Debug|Any CPU
		{06D762A0-642F-411F-8C76-3DFF71418DA6}.Release|Any CPU.ActiveCfg = Release|Any CPU
		{06D762A0-642F-411F-8C76-3DFF71418DA6}.Release|Any CPU.Build.0 = Release|Any CPU
		{4844A416-686D-44E2-859A-D83B3677DDCC}.Debug|Any CPU.ActiveCfg = Debug|Any CPU
		{4844A416-686D-44E2-859A-D83B3677DDCC}.Debug|Any CPU.Build.0 = Debug|Any CPU
		{4844A416-686D-44E2-859A-D83B3677DDCC}.Release|Any CPU.ActiveCfg = Release|Any CPU
		{4844A416-686D-44E2-859A-D83B3677DDCC}.Release|Any CPU.Build.0 = Release|Any CPU
		{4C919F0F-E44F-4042-B4AB-5AA49982BC4C}.Debug|Any CPU.ActiveCfg = Debug|Any CPU
		{4C919F0F-E44F-4042-B4AB-5AA49982BC4C}.Debug|Any CPU.Build.0 = Debug|Any CPU
		{4C919F0F-E44F-4042-B4AB-5AA49982BC4C}.Release|Any CPU.ActiveCfg = Release|Any CPU
		{4C919F0F-E44F-4042-B4AB-5AA49982BC4C}.Release|Any CPU.Build.0 = Release|Any CPU
		{1C66F541-DBCA-4A3F-B82B-2915AFF25713}.Debug|Any CPU.ActiveCfg = Debug|Any CPU
		{1C66F541-DBCA-4A3F-B82B-2915AFF25713}.Debug|Any CPU.Build.0 = Debug|Any CPU
		{1C66F541-DBCA-4A3F-B82B-2915AFF25713}.Release|Any CPU.ActiveCfg = Release|Any CPU
		{1C66F541-DBCA-4A3F-B82B-2915AFF25713}.Release|Any CPU.Build.0 = Release|Any CPU
		{DC551CD9-DCEE-4D45-9425-2FE782537A91}.Debug|Any CPU.ActiveCfg = Debug|Any CPU
		{DC551CD9-DCEE-4D45-9425-2FE782537A91}.Debug|Any CPU.Build.0 = Debug|Any CPU
		{DC551CD9-DCEE-4D45-9425-2FE782537A91}.Release|Any CPU.ActiveCfg = Release|Any CPU
		{DC551CD9-DCEE-4D45-9425-2FE782537A91}.Release|Any CPU.Build.0 = Release|Any CPU
		{BAE2665B-2687-4743-A89A-A69868DD06AE}.Debug|Any CPU.ActiveCfg = Debug|Any CPU
		{BAE2665B-2687-4743-A89A-A69868DD06AE}.Debug|Any CPU.Build.0 = Debug|Any CPU
		{BAE2665B-2687-4743-A89A-A69868DD06AE}.Release|Any CPU.ActiveCfg = Release|Any CPU
		{BAE2665B-2687-4743-A89A-A69868DD06AE}.Release|Any CPU.Build.0 = Release|Any CPU
		{ED3BB644-1C41-4E5B-AD8B-C2CB515425AF}.Debug|Any CPU.ActiveCfg = Debug|Any CPU
		{ED3BB644-1C41-4E5B-AD8B-C2CB515425AF}.Debug|Any CPU.Build.0 = Debug|Any CPU
		{ED3BB644-1C41-4E5B-AD8B-C2CB515425AF}.Release|Any CPU.ActiveCfg = Release|Any CPU
		{ED3BB644-1C41-4E5B-AD8B-C2CB515425AF}.Release|Any CPU.Build.0 = Release|Any CPU
		{72B83AAD-6D0B-4ECE-8FD7-37CCF7DB223A}.Debug|Any CPU.ActiveCfg = Debug|Any CPU
		{72B83AAD-6D0B-4ECE-8FD7-37CCF7DB223A}.Debug|Any CPU.Build.0 = Debug|Any CPU
		{72B83AAD-6D0B-4ECE-8FD7-37CCF7DB223A}.Release|Any CPU.ActiveCfg = Release|Any CPU
		{72B83AAD-6D0B-4ECE-8FD7-37CCF7DB223A}.Release|Any CPU.Build.0 = Release|Any CPU
		{8C94EF1F-DDF4-4EBD-9869-443440F58981}.Debug|Any CPU.ActiveCfg = Debug|Any CPU
		{8C94EF1F-DDF4-4EBD-9869-443440F58981}.Debug|Any CPU.Build.0 = Debug|Any CPU
		{8C94EF1F-DDF4-4EBD-9869-443440F58981}.Release|Any CPU.ActiveCfg = Release|Any CPU
		{8C94EF1F-DDF4-4EBD-9869-443440F58981}.Release|Any CPU.Build.0 = Release|Any CPU
		{20BE3197-E563-4D50-AF3E-C09F19154A28}.Debug|Any CPU.ActiveCfg = Debug|Any CPU
		{20BE3197-E563-4D50-AF3E-C09F19154A28}.Debug|Any CPU.Build.0 = Debug|Any CPU
		{20BE3197-E563-4D50-AF3E-C09F19154A28}.Release|Any CPU.ActiveCfg = Release|Any CPU
		{20BE3197-E563-4D50-AF3E-C09F19154A28}.Release|Any CPU.Build.0 = Release|Any CPU
		{C8BB5F3E-D1F3-48A5-BDC3-5321DDB4EF8D}.Debug|Any CPU.ActiveCfg = Debug|Any CPU
		{C8BB5F3E-D1F3-48A5-BDC3-5321DDB4EF8D}.Debug|Any CPU.Build.0 = Debug|Any CPU
		{C8BB5F3E-D1F3-48A5-BDC3-5321DDB4EF8D}.Release|Any CPU.ActiveCfg = Release|Any CPU
		{C8BB5F3E-D1F3-48A5-BDC3-5321DDB4EF8D}.Release|Any CPU.Build.0 = Release|Any CPU
		{AD7B26CF-E705-48FF-B375-44BE81749D75}.Debug|Any CPU.ActiveCfg = Debug|Any CPU
		{AD7B26CF-E705-48FF-B375-44BE81749D75}.Debug|Any CPU.Build.0 = Debug|Any CPU
		{AD7B26CF-E705-48FF-B375-44BE81749D75}.Release|Any CPU.ActiveCfg = Release|Any CPU
		{AD7B26CF-E705-48FF-B375-44BE81749D75}.Release|Any CPU.Build.0 = Release|Any CPU
		{EDDC42DF-7742-4DA9-B242-765963930CD1}.Debug|Any CPU.ActiveCfg = Debug|Any CPU
		{EDDC42DF-7742-4DA9-B242-765963930CD1}.Debug|Any CPU.Build.0 = Debug|Any CPU
		{EDDC42DF-7742-4DA9-B242-765963930CD1}.Release|Any CPU.ActiveCfg = Release|Any CPU
		{EDDC42DF-7742-4DA9-B242-765963930CD1}.Release|Any CPU.Build.0 = Release|Any CPU
		{FD136847-6D3B-4B15-8977-E1AFD1B181F0}.Debug|Any CPU.ActiveCfg = Debug|Any CPU
		{FD136847-6D3B-4B15-8977-E1AFD1B181F0}.Debug|Any CPU.Build.0 = Debug|Any CPU
		{FD136847-6D3B-4B15-8977-E1AFD1B181F0}.Release|Any CPU.ActiveCfg = Release|Any CPU
		{FD136847-6D3B-4B15-8977-E1AFD1B181F0}.Release|Any CPU.Build.0 = Release|Any CPU
		{64329523-8E9F-44DE-A996-F3B1F1844353}.Debug|Any CPU.ActiveCfg = Debug|Any CPU
		{64329523-8E9F-44DE-A996-F3B1F1844353}.Debug|Any CPU.Build.0 = Debug|Any CPU
		{64329523-8E9F-44DE-A996-F3B1F1844353}.Release|Any CPU.ActiveCfg = Release|Any CPU
		{64329523-8E9F-44DE-A996-F3B1F1844353}.Release|Any CPU.Build.0 = Release|Any CPU
		{8F2738FB-CA57-4192-B20A-FE0E93987C8C}.Debug|Any CPU.ActiveCfg = Debug|Any CPU
		{8F2738FB-CA57-4192-B20A-FE0E93987C8C}.Debug|Any CPU.Build.0 = Debug|Any CPU
		{8F2738FB-CA57-4192-B20A-FE0E93987C8C}.Release|Any CPU.ActiveCfg = Release|Any CPU
		{8F2738FB-CA57-4192-B20A-FE0E93987C8C}.Release|Any CPU.Build.0 = Release|Any CPU
		{AB26368C-40D8-4B7B-8080-25DDBEE16172}.Debug|Any CPU.ActiveCfg = Debug|Any CPU
		{AB26368C-40D8-4B7B-8080-25DDBEE16172}.Debug|Any CPU.Build.0 = Debug|Any CPU
		{AB26368C-40D8-4B7B-8080-25DDBEE16172}.Release|Any CPU.ActiveCfg = Release|Any CPU
		{AB26368C-40D8-4B7B-8080-25DDBEE16172}.Release|Any CPU.Build.0 = Release|Any CPU
		{C1DE72D9-71F9-42D1-BB03-69FF72060AAE}.Debug|Any CPU.ActiveCfg = Debug|Any CPU
		{C1DE72D9-71F9-42D1-BB03-69FF72060AAE}.Debug|Any CPU.Build.0 = Debug|Any CPU
		{C1DE72D9-71F9-42D1-BB03-69FF72060AAE}.Release|Any CPU.ActiveCfg = Release|Any CPU
		{C1DE72D9-71F9-42D1-BB03-69FF72060AAE}.Release|Any CPU.Build.0 = Release|Any CPU
		{046ABB73-27F5-41AD-B8BA-1A7D9EDD891E}.Debug|Any CPU.ActiveCfg = Debug|Any CPU
		{046ABB73-27F5-41AD-B8BA-1A7D9EDD891E}.Debug|Any CPU.Build.0 = Debug|Any CPU
		{046ABB73-27F5-41AD-B8BA-1A7D9EDD891E}.Release|Any CPU.ActiveCfg = Release|Any CPU
		{046ABB73-27F5-41AD-B8BA-1A7D9EDD891E}.Release|Any CPU.Build.0 = Release|Any CPU
		{F622D901-2D91-4272-B7B4-7C0573F207F8}.Debug|Any CPU.ActiveCfg = Debug|Any CPU
		{F622D901-2D91-4272-B7B4-7C0573F207F8}.Debug|Any CPU.Build.0 = Debug|Any CPU
		{F622D901-2D91-4272-B7B4-7C0573F207F8}.Release|Any CPU.ActiveCfg = Release|Any CPU
		{F622D901-2D91-4272-B7B4-7C0573F207F8}.Release|Any CPU.Build.0 = Release|Any CPU
		{22FA7118-0236-46B7-B6B8-2B8F3F6D9713}.Debug|Any CPU.ActiveCfg = Debug|Any CPU
		{22FA7118-0236-46B7-B6B8-2B8F3F6D9713}.Debug|Any CPU.Build.0 = Debug|Any CPU
		{22FA7118-0236-46B7-B6B8-2B8F3F6D9713}.Release|Any CPU.ActiveCfg = Release|Any CPU
		{22FA7118-0236-46B7-B6B8-2B8F3F6D9713}.Release|Any CPU.Build.0 = Release|Any CPU
		{9217AF3E-2DDE-4A64-BF98-19015B1415D7}.Debug|Any CPU.ActiveCfg = Debug|Any CPU
		{9217AF3E-2DDE-4A64-BF98-19015B1415D7}.Debug|Any CPU.Build.0 = Debug|Any CPU
		{9217AF3E-2DDE-4A64-BF98-19015B1415D7}.Release|Any CPU.ActiveCfg = Release|Any CPU
		{9217AF3E-2DDE-4A64-BF98-19015B1415D7}.Release|Any CPU.Build.0 = Release|Any CPU
		{D912DA01-A76F-4CBC-AA0B-CB7E4B9F00AB}.Debug|Any CPU.ActiveCfg = Debug|Any CPU
		{D912DA01-A76F-4CBC-AA0B-CB7E4B9F00AB}.Debug|Any CPU.Build.0 = Debug|Any CPU
		{D912DA01-A76F-4CBC-AA0B-CB7E4B9F00AB}.Release|Any CPU.ActiveCfg = Release|Any CPU
		{D912DA01-A76F-4CBC-AA0B-CB7E4B9F00AB}.Release|Any CPU.Build.0 = Release|Any CPU
		{22FB69E2-17E6-4E2D-BE5B-ED9C66DBFF57}.Debug|Any CPU.ActiveCfg = Debug|Any CPU
		{22FB69E2-17E6-4E2D-BE5B-ED9C66DBFF57}.Debug|Any CPU.Build.0 = Debug|Any CPU
		{22FB69E2-17E6-4E2D-BE5B-ED9C66DBFF57}.Release|Any CPU.ActiveCfg = Release|Any CPU
		{22FB69E2-17E6-4E2D-BE5B-ED9C66DBFF57}.Release|Any CPU.Build.0 = Release|Any CPU
		{123753EB-DC34-4566-874F-01CECFA3043E}.Debug|Any CPU.ActiveCfg = Debug|Any CPU
		{123753EB-DC34-4566-874F-01CECFA3043E}.Debug|Any CPU.Build.0 = Debug|Any CPU
		{123753EB-DC34-4566-874F-01CECFA3043E}.Release|Any CPU.ActiveCfg = Release|Any CPU
		{123753EB-DC34-4566-874F-01CECFA3043E}.Release|Any CPU.Build.0 = Release|Any CPU
		{273405C7-6376-4F1E-A91B-846E952208E5}.Debug|Any CPU.ActiveCfg = Debug|Any CPU
		{273405C7-6376-4F1E-A91B-846E952208E5}.Debug|Any CPU.Build.0 = Debug|Any CPU
		{273405C7-6376-4F1E-A91B-846E952208E5}.Release|Any CPU.ActiveCfg = Release|Any CPU
		{273405C7-6376-4F1E-A91B-846E952208E5}.Release|Any CPU.Build.0 = Release|Any CPU
		{ADB7E308-786E-410F-8AEA-BE384B2C3B14}.Debug|Any CPU.ActiveCfg = Debug|Any CPU
		{ADB7E308-786E-410F-8AEA-BE384B2C3B14}.Debug|Any CPU.Build.0 = Debug|Any CPU
		{ADB7E308-786E-410F-8AEA-BE384B2C3B14}.Release|Any CPU.ActiveCfg = Release|Any CPU
		{ADB7E308-786E-410F-8AEA-BE384B2C3B14}.Release|Any CPU.Build.0 = Release|Any CPU
		{F41F626D-1C86-42D6-8882-6937CAA87173}.Debug|Any CPU.ActiveCfg = Debug|Any CPU
		{F41F626D-1C86-42D6-8882-6937CAA87173}.Debug|Any CPU.Build.0 = Debug|Any CPU
		{F41F626D-1C86-42D6-8882-6937CAA87173}.Release|Any CPU.ActiveCfg = Release|Any CPU
		{F41F626D-1C86-42D6-8882-6937CAA87173}.Release|Any CPU.Build.0 = Release|Any CPU
		{C9ED6E41-728C-4BEC-95BC-0DB5E04FA457}.Debug|Any CPU.ActiveCfg = Debug|Any CPU
		{C9ED6E41-728C-4BEC-95BC-0DB5E04FA457}.Debug|Any CPU.Build.0 = Debug|Any CPU
		{C9ED6E41-728C-4BEC-95BC-0DB5E04FA457}.Release|Any CPU.ActiveCfg = Release|Any CPU
		{C9ED6E41-728C-4BEC-95BC-0DB5E04FA457}.Release|Any CPU.Build.0 = Release|Any CPU
		{883D450F-CDF4-4354-8F67-EDEE27D1C486}.Debug|Any CPU.ActiveCfg = Debug|Any CPU
		{883D450F-CDF4-4354-8F67-EDEE27D1C486}.Debug|Any CPU.Build.0 = Debug|Any CPU
		{883D450F-CDF4-4354-8F67-EDEE27D1C486}.Release|Any CPU.ActiveCfg = Release|Any CPU
		{883D450F-CDF4-4354-8F67-EDEE27D1C486}.Release|Any CPU.Build.0 = Release|Any CPU
		{CB0911F2-A060-4FB5-B60B-1C806A4EF73E}.Debug|Any CPU.ActiveCfg = Debug|Any CPU
		{CB0911F2-A060-4FB5-B60B-1C806A4EF73E}.Debug|Any CPU.Build.0 = Debug|Any CPU
		{CB0911F2-A060-4FB5-B60B-1C806A4EF73E}.Release|Any CPU.ActiveCfg = Release|Any CPU
		{CB0911F2-A060-4FB5-B60B-1C806A4EF73E}.Release|Any CPU.Build.0 = Release|Any CPU
		{FC0AA01E-6F19-41D3-A05D-9969CCBE9E3E}.Debug|Any CPU.ActiveCfg = Debug|Any CPU
		{FC0AA01E-6F19-41D3-A05D-9969CCBE9E3E}.Debug|Any CPU.Build.0 = Debug|Any CPU
		{FC0AA01E-6F19-41D3-A05D-9969CCBE9E3E}.Release|Any CPU.ActiveCfg = Release|Any CPU
		{FC0AA01E-6F19-41D3-A05D-9969CCBE9E3E}.Release|Any CPU.Build.0 = Release|Any CPU
		{D732EB1A-959A-4D22-843C-E9BA43C2E266}.Debug|Any CPU.ActiveCfg = Debug|Any CPU
		{D732EB1A-959A-4D22-843C-E9BA43C2E266}.Debug|Any CPU.Build.0 = Debug|Any CPU
		{D732EB1A-959A-4D22-843C-E9BA43C2E266}.Release|Any CPU.ActiveCfg = Release|Any CPU
		{D732EB1A-959A-4D22-843C-E9BA43C2E266}.Release|Any CPU.Build.0 = Release|Any CPU
		{1815DA93-A5EA-4404-A291-2E66C27A8CC4}.Debug|Any CPU.ActiveCfg = Debug|Any CPU
		{1815DA93-A5EA-4404-A291-2E66C27A8CC4}.Debug|Any CPU.Build.0 = Debug|Any CPU
		{1815DA93-A5EA-4404-A291-2E66C27A8CC4}.Release|Any CPU.ActiveCfg = Release|Any CPU
		{1815DA93-A5EA-4404-A291-2E66C27A8CC4}.Release|Any CPU.Build.0 = Release|Any CPU
		{061FC063-CC41-4049-87D0-5244906B785A}.Debug|Any CPU.ActiveCfg = Debug|Any CPU
		{061FC063-CC41-4049-87D0-5244906B785A}.Debug|Any CPU.Build.0 = Debug|Any CPU
		{061FC063-CC41-4049-87D0-5244906B785A}.Release|Any CPU.ActiveCfg = Release|Any CPU
		{061FC063-CC41-4049-87D0-5244906B785A}.Release|Any CPU.Build.0 = Release|Any CPU
		{0C70FD49-BBD2-47A3-A6CC-8653FE0C80FF}.Debug|Any CPU.ActiveCfg = Debug|Any CPU
		{0C70FD49-BBD2-47A3-A6CC-8653FE0C80FF}.Debug|Any CPU.Build.0 = Debug|Any CPU
		{0C70FD49-BBD2-47A3-A6CC-8653FE0C80FF}.Release|Any CPU.ActiveCfg = Release|Any CPU
		{0C70FD49-BBD2-47A3-A6CC-8653FE0C80FF}.Release|Any CPU.Build.0 = Release|Any CPU
		{F4DEB83F-4BA0-41EE-AEB4-9C37E5912B5B}.Debug|Any CPU.ActiveCfg = Debug|Any CPU
		{F4DEB83F-4BA0-41EE-AEB4-9C37E5912B5B}.Debug|Any CPU.Build.0 = Debug|Any CPU
		{F4DEB83F-4BA0-41EE-AEB4-9C37E5912B5B}.Release|Any CPU.ActiveCfg = Release|Any CPU
		{F4DEB83F-4BA0-41EE-AEB4-9C37E5912B5B}.Release|Any CPU.Build.0 = Release|Any CPU
		{3203E4FD-C6EC-42E8-918F-D0B7108E3D3A}.Debug|Any CPU.ActiveCfg = Debug|Any CPU
		{3203E4FD-C6EC-42E8-918F-D0B7108E3D3A}.Debug|Any CPU.Build.0 = Debug|Any CPU
		{3203E4FD-C6EC-42E8-918F-D0B7108E3D3A}.Release|Any CPU.ActiveCfg = Release|Any CPU
		{3203E4FD-C6EC-42E8-918F-D0B7108E3D3A}.Release|Any CPU.Build.0 = Release|Any CPU
		{F486574E-B495-4DC7-9519-BBC539EF2667}.Debug|Any CPU.ActiveCfg = Debug|Any CPU
		{F486574E-B495-4DC7-9519-BBC539EF2667}.Debug|Any CPU.Build.0 = Debug|Any CPU
		{F486574E-B495-4DC7-9519-BBC539EF2667}.Release|Any CPU.ActiveCfg = Release|Any CPU
		{F486574E-B495-4DC7-9519-BBC539EF2667}.Release|Any CPU.Build.0 = Release|Any CPU
		{1E818BB6-C1CD-4955-BF84-63C7C81E6F13}.Debug|Any CPU.ActiveCfg = Debug|Any CPU
		{1E818BB6-C1CD-4955-BF84-63C7C81E6F13}.Debug|Any CPU.Build.0 = Debug|Any CPU
		{1E818BB6-C1CD-4955-BF84-63C7C81E6F13}.Release|Any CPU.ActiveCfg = Release|Any CPU
		{1E818BB6-C1CD-4955-BF84-63C7C81E6F13}.Release|Any CPU.Build.0 = Release|Any CPU
		{0E362312-9502-40C3-BF67-036EAC09C2CF}.Debug|Any CPU.ActiveCfg = Debug|Any CPU
		{0E362312-9502-40C3-BF67-036EAC09C2CF}.Debug|Any CPU.Build.0 = Debug|Any CPU
		{0E362312-9502-40C3-BF67-036EAC09C2CF}.Release|Any CPU.ActiveCfg = Release|Any CPU
		{0E362312-9502-40C3-BF67-036EAC09C2CF}.Release|Any CPU.Build.0 = Release|Any CPU
		{96A052C4-FD76-4DCD-B107-8EA262B4038E}.Debug|Any CPU.ActiveCfg = Debug|Any CPU
		{96A052C4-FD76-4DCD-B107-8EA262B4038E}.Debug|Any CPU.Build.0 = Debug|Any CPU
		{96A052C4-FD76-4DCD-B107-8EA262B4038E}.Release|Any CPU.ActiveCfg = Release|Any CPU
		{96A052C4-FD76-4DCD-B107-8EA262B4038E}.Release|Any CPU.Build.0 = Release|Any CPU
		{D28FCF87-9BFB-4388-B72A-E709FCFD64A9}.Debug|Any CPU.ActiveCfg = Debug|Any CPU
		{D28FCF87-9BFB-4388-B72A-E709FCFD64A9}.Debug|Any CPU.Build.0 = Debug|Any CPU
		{D28FCF87-9BFB-4388-B72A-E709FCFD64A9}.Release|Any CPU.ActiveCfg = Release|Any CPU
		{D28FCF87-9BFB-4388-B72A-E709FCFD64A9}.Release|Any CPU.Build.0 = Release|Any CPU
		{DFB89BBC-00A8-4A48-BCA3-2F42F71B366F}.Debug|Any CPU.ActiveCfg = Debug|Any CPU
		{DFB89BBC-00A8-4A48-BCA3-2F42F71B366F}.Debug|Any CPU.Build.0 = Debug|Any CPU
		{DFB89BBC-00A8-4A48-BCA3-2F42F71B366F}.Release|Any CPU.ActiveCfg = Release|Any CPU
		{DFB89BBC-00A8-4A48-BCA3-2F42F71B366F}.Release|Any CPU.Build.0 = Release|Any CPU
	EndGlobalSection
	GlobalSection(SolutionProperties) = preSolution
		HideSolutionNode = FALSE
	EndGlobalSection
	GlobalSection(NestedProjects) = preSolution
		{19DA738A-3D95-449E-A1C1-11CF798E5FDA} = {A128694B-FD9E-4321-AE86-AFB878B4CB23}
		{5D7D843E-2FEA-4F80-8F62-79AE248EDAC6} = {A128694B-FD9E-4321-AE86-AFB878B4CB23}
		{F35DB0DA-CDC2-4527-871C-F7CF633F86A1} = {A128694B-FD9E-4321-AE86-AFB878B4CB23}
		{64725D08-4CA4-423A-A25E-ED601735FC82} = {F35DB0DA-CDC2-4527-871C-F7CF633F86A1}
		{0347D658-3B97-4D73-9117-9D85DA34E1B4} = {F35DB0DA-CDC2-4527-871C-F7CF633F86A1}
		{BDFC18F5-305A-4ACE-AAD1-6CFC51F1BA4B} = {A3A2BF79-C928-4818-BE16-9F320D3ADDB7}
		{E2274A9E-2B1E-4BC7-8B98-E4AE0E3351CF} = {A3A2BF79-C928-4818-BE16-9F320D3ADDB7}
		{2408BEA0-AAFE-4022-9949-5AB270FA8BA0} = {A3A2BF79-C928-4818-BE16-9F320D3ADDB7}
		{43C343D0-8E46-441C-8286-E88C916802A5} = {E2274A9E-2B1E-4BC7-8B98-E4AE0E3351CF}
		{9CCDA82C-B96D-4DD5-A668-B5F4F1CE1EE6} = {0071AE7F-EB75-4668-9EA5-6B0652989E5E}
		{DE04F8F9-E793-4F4A-BC40-10098233C67B} = {0071AE7F-EB75-4668-9EA5-6B0652989E5E}
		{EF63F3B8-6ED4-454D-B46B-228E6DE2E690} = {06ADFFB6-B601-43F6-96E2-180A7B1FA047}
		{2E7098C3-6E69-4F15-8C93-7973820E92B9} = {06ADFFB6-B601-43F6-96E2-180A7B1FA047}
		{2C80576C-E433-4614-95AD-6B7214AE406E} = {06ADFFB6-B601-43F6-96E2-180A7B1FA047}
		{06ADFFB6-B601-43F6-96E2-180A7B1FA047} = {47AD7E4D-2830-45D0-ADFA-D22E76878257}
		{4B35C9E3-FADA-41CD-B1CA-3D57BC28B34E} = {ABA10E22-D024-46D4-99C1-21645998A684}
		{FE5DC35D-847E-4E94-B4FB-9B3D78A66C76} = {4B35C9E3-FADA-41CD-B1CA-3D57BC28B34E}
		{4A43EA00-DB61-4A31-AB27-5CEB02BF0BC2} = {4B35C9E3-FADA-41CD-B1CA-3D57BC28B34E}
		{0071AE7F-EB75-4668-9EA5-6B0652989E5E} = {67211096-7DC2-4AF2-B688-892F2CF26290}
		{63DF2AD8-0EEE-419F-8799-CFE728026622} = {2408BEA0-AAFE-4022-9949-5AB270FA8BA0}
		{C076761E-5062-4FEA-8D61-B586757BCA90} = {2408BEA0-AAFE-4022-9949-5AB270FA8BA0}
		{17D383D7-D0D3-422D-A16D-3D02C51B81D4} = {FC6BBE50-1C74-42AD-81D4-FD8F07EB3E68}
		{BECB6BDA-065D-4E10-82A5-6B022CE25176} = {17D383D7-D0D3-422D-A16D-3D02C51B81D4}
		{A5D5FF2D-1082-4AD8-AD12-E9556536257D} = {F853CA63-5D9D-426B-AE85-58D4E939A666}
		{4FA23BA4-57D3-44F5-89DB-44CA17341394} = {A5D5FF2D-1082-4AD8-AD12-E9556536257D}
		{EC9C8B32-E132-4668-9864-38F55BE3D4B3} = {8917407E-F9AD-4BE0-9648-98A8B25A133F}
		{422A42A8-A995-4CF3-86AE-290A6C99DEF8} = {8917407E-F9AD-4BE0-9648-98A8B25A133F}
		{148CB9E4-4510-47EE-B991-B1F9AB5CC244} = {422A42A8-A995-4CF3-86AE-290A6C99DEF8}
		{4F9130A0-48F4-48C0-8F72-EAACCE841273} = {AEFF8001-14C2-4CE4-AAC4-389081E6348F}
		{CC2C122C-E08A-4BC3-95D5-8E2A34DB301F} = {AEFF8001-14C2-4CE4-AAC4-389081E6348F}
		{77313117-F31D-4A7C-A4B2-DF0F25235C88} = {CC2C122C-E08A-4BC3-95D5-8E2A34DB301F}
		{EF112444-8E46-4EDF-BEEC-2237A788A5C5} = {AEFF8001-14C2-4CE4-AAC4-389081E6348F}
		{7B67570D-68DB-4E05-A817-9EC4067C6169} = {EF112444-8E46-4EDF-BEEC-2237A788A5C5}
		{26932D7A-4083-4338-B7A0-DE6D1723B2E8} = {9E432CDA-B158-45DF-B626-3B3427FF81C2}
		{0F625389-C824-4E0E-8557-12A50BB7CEE4} = {9E432CDA-B158-45DF-B626-3B3427FF81C2}
		{72FA3FFA-01C5-4756-9794-5AC93EAEF60A} = {EF112444-8E46-4EDF-BEEC-2237A788A5C5}
		{DE1AB8C0-FA09-4564-869A-8E1F6A652775} = {9E432CDA-B158-45DF-B626-3B3427FF81C2}
		{528DC2B8-5A28-4C93-A62B-96596C762C68} = {DE1AB8C0-FA09-4564-869A-8E1F6A652775}
		{3B5B1371-40AB-4A27-AB9F-8C2F4E90211A} = {DE1AB8C0-FA09-4564-869A-8E1F6A652775}
		{B1942299-54F0-4453-A234-16A2FF690FFE} = {DE1AB8C0-FA09-4564-869A-8E1F6A652775}
		{0C5784EC-03A8-4B12-9DAE-E5AEAC89F6C4} = {9E432CDA-B158-45DF-B626-3B3427FF81C2}
		{2EEB2A47-0761-45C3-8547-0426444FB65B} = {EAFA17E9-CAE8-4A3A-825C-9B1C57DE0C6D}
		{06D762A0-642F-411F-8C76-3DFF71418DA6} = {2EEB2A47-0761-45C3-8547-0426444FB65B}
		{FAA37D48-A444-4C88-B855-D03EC1DCFC24} = {EAFA17E9-CAE8-4A3A-825C-9B1C57DE0C6D}
		{4844A416-686D-44E2-859A-D83B3677DDCC} = {FAA37D48-A444-4C88-B855-D03EC1DCFC24}
		{9094452D-5442-4DBB-AB1F-53285E3506E7} = {A3C84E98-80DA-4429-B17B-8E12D51F1241}
		{4C919F0F-E44F-4042-B4AB-5AA49982BC4C} = {9094452D-5442-4DBB-AB1F-53285E3506E7}
		{1C66F541-DBCA-4A3F-B82B-2915AFF25713} = {9094452D-5442-4DBB-AB1F-53285E3506E7}
		{DC551CD9-DCEE-4D45-9425-2FE782537A91} = {9094452D-5442-4DBB-AB1F-53285E3506E7}
		{3B7468AC-E11F-428E-8B00-CE215F19B4D9} = {A3C84E98-80DA-4429-B17B-8E12D51F1241}
		{BAE2665B-2687-4743-A89A-A69868DD06AE} = {3B7468AC-E11F-428E-8B00-CE215F19B4D9}
		{ED3BB644-1C41-4E5B-AD8B-C2CB515425AF} = {3B7468AC-E11F-428E-8B00-CE215F19B4D9}
		{5298599A-7049-4B3A-B243-150D6D9BBA4A} = {ECBB3B5F-C8E2-4970-B9F6-59A110C34515}
		{72B83AAD-6D0B-4ECE-8FD7-37CCF7DB223A} = {5298599A-7049-4B3A-B243-150D6D9BBA4A}
		{8C94EF1F-DDF4-4EBD-9869-443440F58981} = {ECBB3B5F-C8E2-4970-B9F6-59A110C34515}
		{20BE3197-E563-4D50-AF3E-C09F19154A28} = {5298599A-7049-4B3A-B243-150D6D9BBA4A}
		{C8BB5F3E-D1F3-48A5-BDC3-5321DDB4EF8D} = {5298599A-7049-4B3A-B243-150D6D9BBA4A}
		{A9F5000E-AFDD-472B-99F4-DB0E9008F3EF} = {ECBB3B5F-C8E2-4970-B9F6-59A110C34515}
		{AD7B26CF-E705-48FF-B375-44BE81749D75} = {A9F5000E-AFDD-472B-99F4-DB0E9008F3EF}
		{EDDC42DF-7742-4DA9-B242-765963930CD1} = {A9F5000E-AFDD-472B-99F4-DB0E9008F3EF}
		{A5423DBB-F8CF-48D9-80CA-B2371531B3F5} = {0C80531D-AD10-4F28-A774-8D6C5415A0D2}
		{FD136847-6D3B-4B15-8977-E1AFD1B181F0} = {A5423DBB-F8CF-48D9-80CA-B2371531B3F5}
		{64329523-8E9F-44DE-A996-F3B1F1844353} = {A5423DBB-F8CF-48D9-80CA-B2371531B3F5}
		{30F27A8A-4B4A-4CD4-8603-4EA1D3615DA6} = {0C80531D-AD10-4F28-A774-8D6C5415A0D2}
		{8F2738FB-CA57-4192-B20A-FE0E93987C8C} = {30F27A8A-4B4A-4CD4-8603-4EA1D3615DA6}
		{AB26368C-40D8-4B7B-8080-25DDBEE16172} = {30F27A8A-4B4A-4CD4-8603-4EA1D3615DA6}
		{40671BB3-C643-4452-A11B-6B0C04436103} = {A2677214-B26D-4180-8BE3-1169FEC24F7B}
		{C1DE72D9-71F9-42D1-BB03-69FF72060AAE} = {40671BB3-C643-4452-A11B-6B0C04436103}
		{046ABB73-27F5-41AD-B8BA-1A7D9EDD891E} = {30F27A8A-4B4A-4CD4-8603-4EA1D3615DA6}
		{F622D901-2D91-4272-B7B4-7C0573F207F8} = {30F27A8A-4B4A-4CD4-8603-4EA1D3615DA6}
		{E60433C6-1412-488B-965A-48EC5AF59F06} = {A2677214-B26D-4180-8BE3-1169FEC24F7B}
		{22FA7118-0236-46B7-B6B8-2B8F3F6D9713} = {E60433C6-1412-488B-965A-48EC5AF59F06}
		{59A69942-2A2F-4F61-95D8-4F518A9F8EB5} = {10328D90-6E42-467D-B335-350495E0FBD2}
		{9217AF3E-2DDE-4A64-BF98-19015B1415D7} = {59A69942-2A2F-4F61-95D8-4F518A9F8EB5}
		{B6CFDFDF-B6A4-40DB-80D8-7EBD0319D0CC} = {10328D90-6E42-467D-B335-350495E0FBD2}
		{D912DA01-A76F-4CBC-AA0B-CB7E4B9F00AB} = {B6CFDFDF-B6A4-40DB-80D8-7EBD0319D0CC}
		{22FB69E2-17E6-4E2D-BE5B-ED9C66DBFF57} = {B6CFDFDF-B6A4-40DB-80D8-7EBD0319D0CC}
		{0CBD2DE7-05F1-4D95-AF23-6828B7454DF1} = {E9E84BD9-82C7-4C5B-ADD8-B4F678C878DC}
		{123753EB-DC34-4566-874F-01CECFA3043E} = {0CBD2DE7-05F1-4D95-AF23-6828B7454DF1}
		{273405C7-6376-4F1E-A91B-846E952208E5} = {0CBD2DE7-05F1-4D95-AF23-6828B7454DF1}
		{13424C2B-FDA1-4144-8EA8-0CFB13FEBED5} = {E9E84BD9-82C7-4C5B-ADD8-B4F678C878DC}
		{ADB7E308-786E-410F-8AEA-BE384B2C3B14} = {13424C2B-FDA1-4144-8EA8-0CFB13FEBED5}
		{F41F626D-1C86-42D6-8882-6937CAA87173} = {0CBD2DE7-05F1-4D95-AF23-6828B7454DF1}
		{C9ED6E41-728C-4BEC-95BC-0DB5E04FA457} = {13424C2B-FDA1-4144-8EA8-0CFB13FEBED5}
		{0DFAEFB6-A3C7-4BA3-AC94-EA1C23714056} = {1C2447B6-1295-4FB3-B3C8-9A3646E28E44}
		{883D450F-CDF4-4354-8F67-EDEE27D1C486} = {0DFAEFB6-A3C7-4BA3-AC94-EA1C23714056}
		{F493D2C4-AD67-4502-8223-C2A69ECCAC90} = {1C2447B6-1295-4FB3-B3C8-9A3646E28E44}
		{CB0911F2-A060-4FB5-B60B-1C806A4EF73E} = {F493D2C4-AD67-4502-8223-C2A69ECCAC90}
		{9C424310-B9FA-452A-AF70-A5AA69268F70} = {77D70F52-F5F8-4173-BCE9-CB1305F88D74}
		{FC0AA01E-6F19-41D3-A05D-9969CCBE9E3E} = {9C424310-B9FA-452A-AF70-A5AA69268F70}
		{D732EB1A-959A-4D22-843C-E9BA43C2E266} = {6713F2E2-8B4D-45B4-9D9C-1A22340C0E87}
		{6713F2E2-8B4D-45B4-9D9C-1A22340C0E87} = {D8A33640-8717-4F37-A3E9-4258F287210F}
		{12F7FAE4-ABA9-4940-B49D-23024C5E7B2B} = {D8A33640-8717-4F37-A3E9-4258F287210F}
		{1815DA93-A5EA-4404-A291-2E66C27A8CC4} = {12F7FAE4-ABA9-4940-B49D-23024C5E7B2B}
		{061FC063-CC41-4049-87D0-5244906B785A} = {12F7FAE4-ABA9-4940-B49D-23024C5E7B2B}
		{24AE61C9-B20E-462E-ACE1-27AA09ED7945} = {D6FE0384-7242-4ACA-B024-C05612787381}
		{0C70FD49-BBD2-47A3-A6CC-8653FE0C80FF} = {24AE61C9-B20E-462E-ACE1-27AA09ED7945}
		{F0BC8CF4-F374-4F26-9F1B-17E6289ADCBB} = {D6FE0384-7242-4ACA-B024-C05612787381}
		{F4DEB83F-4BA0-41EE-AEB4-9C37E5912B5B} = {F0BC8CF4-F374-4F26-9F1B-17E6289ADCBB}
		{6DDB2263-83BC-41D3-9E87-AAA96245452A} = {CDA81C8E-F1FD-4FA3-B79B-1491D1EB47E7}
		{3203E4FD-C6EC-42E8-918F-D0B7108E3D3A} = {6DDB2263-83BC-41D3-9E87-AAA96245452A}
		{B18C9E35-AD3C-453F-9E07-A0DF339B602B} = {CDA81C8E-F1FD-4FA3-B79B-1491D1EB47E7}
		{F486574E-B495-4DC7-9519-BBC539EF2667} = {B18C9E35-AD3C-453F-9E07-A0DF339B602B}
		{1E818BB6-C1CD-4955-BF84-63C7C81E6F13} = {B18C9E35-AD3C-453F-9E07-A0DF339B602B}
		{50071125-1418-40F4-92D6-335BCA321E7B} = {5FB4774E-60FC-46F5-85D4-0E5286B9D7BB}
		{0E362312-9502-40C3-BF67-036EAC09C2CF} = {50071125-1418-40F4-92D6-335BCA321E7B}
		{96A052C4-FD76-4DCD-B107-8EA262B4038E} = {50071125-1418-40F4-92D6-335BCA321E7B}
		{EB8343B0-4DFA-45C0-9D93-F9D14D6BD59E} = {5FB4774E-60FC-46F5-85D4-0E5286B9D7BB}
		{D28FCF87-9BFB-4388-B72A-E709FCFD64A9} = {EB8343B0-4DFA-45C0-9D93-F9D14D6BD59E}
		{DFB89BBC-00A8-4A48-BCA3-2F42F71B366F} = {EB8343B0-4DFA-45C0-9D93-F9D14D6BD59E}
	EndGlobalSection
	GlobalSection(ExtensibilityGlobals) = postSolution
		SolutionGuid = {A3E3239F-4849-4303-BFAC-370AA6D49316}
	EndGlobalSection
EndGlobal
